// !$*UTF8*$!
{
	archiveVersion = 1;
	classes = {
	};
	objectVersion = 46;
	objects = {

/* Begin PBXBuildFile section */
		523232A8136F128300692CEA /* DatabaseDocument.m in Sources */ = {isa = PBXBuildFile; fileRef = 523232A5136F128300692CEA /* DatabaseDocument.m */; };
		523232A9136F128300692CEA /* PasswordEntryController.m in Sources */ = {isa = PBXBuildFile; fileRef = 523232A7136F128300692CEA /* PasswordEntryController.m */; };
		523FBD6413736834004575FB /* icon@2x.png in Resources */ = {isa = PBXBuildFile; fileRef = 523FBD6213736834004575FB /* icon@2x.png */; };
		523FBD7D1373C05E004575FB /* icon.png in Resources */ = {isa = PBXBuildFile; fileRef = 523FBD7C1373C05E004575FB /* icon.png */; };
		52644C93137088E800A58D92 /* PinViewController.m in Sources */ = {isa = PBXBuildFile; fileRef = 52644C92137088E800A58D92 /* PinViewController.m */; };
		52644C971370915400A58D92 /* box.png in Resources */ = {isa = PBXBuildFile; fileRef = 52644C951370915400A58D92 /* box.png */; };
		52644C981370915400A58D92 /* box@2x.png in Resources */ = {isa = PBXBuildFile; fileRef = 52644C961370915400A58D92 /* box@2x.png */; };
		52644C9B1370954700A58D92 /* PinTextField.m in Sources */ = {isa = PBXBuildFile; fileRef = 52644C9A1370954700A58D92 /* PinTextField.m */; };
		5269AB001379F7A900517316 /* Default.png in Resources */ = {isa = PBXBuildFile; fileRef = 5269AAFF1379F7A900517316 /* Default.png */; };
		5269AB021379F84500517316 /* Default@2x.png in Resources */ = {isa = PBXBuildFile; fileRef = 5269AB011379F84500517316 /* Default@2x.png */; };
		52B36F851370A46E00C19BF8 /* AudioToolbox.framework in Frameworks */ = {isa = PBXBuildFile; fileRef = 52B36F841370A46E00C19BF8 /* AudioToolbox.framework */; };
		52F42CF413747BE20074E5D5 /* SettingsViewController.m in Sources */ = {isa = PBXBuildFile; fileRef = 52F42CF313747BE10074E5D5 /* SettingsViewController.m */; };
		6805EBD2137648B800340C02 /* README.md in Resources */ = {isa = PBXBuildFile; fileRef = 6805EBD1137648B800340C02 /* README.md */; };
		6805EBD513764A5F00340C02 /* LICENSE.txt in Resources */ = {isa = PBXBuildFile; fileRef = 6805EBD413764A5F00340C02 /* LICENSE.txt */; };
		6813262E136F7BA7004F4864 /* UrlFieldCell.m in Sources */ = {isa = PBXBuildFile; fileRef = 6813262D136F7BA7004F4864 /* UrlFieldCell.m */; };
		68132639136F8B79004F4864 /* PasswordFieldCell.m in Sources */ = {isa = PBXBuildFile; fileRef = 68132638136F8B79004F4864 /* PasswordFieldCell.m */; };
		685985F41377412E0004414C /* FilesHelpView.m in Sources */ = {isa = PBXBuildFile; fileRef = 685985F31377412E0004414C /* FilesHelpView.m */; };
		6872F02A137746D0008E55B9 /* FilesViewController.m in Sources */ = {isa = PBXBuildFile; fileRef = 6872F029137746D0008E55B9 /* FilesViewController.m */; };
		687366EC1373979A0053CCA3 /* SFHFKeychainUtils.m in Sources */ = {isa = PBXBuildFile; fileRef = 687366EB1373979A0053CCA3 /* SFHFKeychainUtils.m */; };
		687366EE137399360053CCA3 /* Security.framework in Frameworks */ = {isa = PBXBuildFile; fileRef = 687366ED137399360053CCA3 /* Security.framework */; };
		688231DC138046FC0046B00D /* SearchViewController.m in Sources */ = {isa = PBXBuildFile; fileRef = 688231DB138046FC0046B00D /* SearchViewController.m */; };
		688231E613806D270046B00D /* tab_files.png in Resources */ = {isa = PBXBuildFile; fileRef = 688231DE13806D270046B00D /* tab_files.png */; };
		688231E713806D270046B00D /* tab_files@2x.png in Resources */ = {isa = PBXBuildFile; fileRef = 688231DF13806D270046B00D /* tab_files@2x.png */; };
		688231E813806D270046B00D /* tab_gear.png in Resources */ = {isa = PBXBuildFile; fileRef = 688231E013806D270046B00D /* tab_gear.png */; };
		688231E913806D270046B00D /* tab_gear@2x.png in Resources */ = {isa = PBXBuildFile; fileRef = 688231E113806D270046B00D /* tab_gear@2x.png */; };
		688231EC13806D270046B00D /* tab_search.png in Resources */ = {isa = PBXBuildFile; fileRef = 688231E413806D270046B00D /* tab_search.png */; };
		688231ED13806D270046B00D /* tab_search@2x.png in Resources */ = {isa = PBXBuildFile; fileRef = 688231E513806D270046B00D /* tab_search@2x.png */; };
		688D47751378DF9400BEE609 /* DatabaseManager.m in Sources */ = {isa = PBXBuildFile; fileRef = 688D47741378DF9400BEE609 /* DatabaseManager.m */; };
		688D635D137B63AB00BF3FAB /* sample.1.00.kdb in Resources */ = {isa = PBXBuildFile; fileRef = 688D633A137B63AB00BF3FAB /* sample.1.00.kdb */; };
		688D635E137B63AB00BF3FAB /* sample.1.01.kdb in Resources */ = {isa = PBXBuildFile; fileRef = 688D633B137B63AB00BF3FAB /* sample.1.01.kdb */; };
		688D635F137B63AB00BF3FAB /* sample.1.02.kdb in Resources */ = {isa = PBXBuildFile; fileRef = 688D633C137B63AB00BF3FAB /* sample.1.02.kdb */; };
		688D6360137B63AB00BF3FAB /* sample.1.03.kdb in Resources */ = {isa = PBXBuildFile; fileRef = 688D633D137B63AB00BF3FAB /* sample.1.03.kdb */; };
		688D6361137B63AB00BF3FAB /* sample.1.04.kdb in Resources */ = {isa = PBXBuildFile; fileRef = 688D633E137B63AB00BF3FAB /* sample.1.04.kdb */; };
		688D6362137B63AB00BF3FAB /* sample.1.05.kdb in Resources */ = {isa = PBXBuildFile; fileRef = 688D633F137B63AB00BF3FAB /* sample.1.05.kdb */; };
		688D6363137B63AB00BF3FAB /* sample.1.06.kdb in Resources */ = {isa = PBXBuildFile; fileRef = 688D6340137B63AB00BF3FAB /* sample.1.06.kdb */; };
		688D6364137B63AB00BF3FAB /* sample.1.07.kdb in Resources */ = {isa = PBXBuildFile; fileRef = 688D6341137B63AB00BF3FAB /* sample.1.07.kdb */; };
		688D6365137B63AB00BF3FAB /* sample.1.08.kdb in Resources */ = {isa = PBXBuildFile; fileRef = 688D6342137B63AB00BF3FAB /* sample.1.08.kdb */; };
		688D6366137B63AB00BF3FAB /* sample.1.09.kdb in Resources */ = {isa = PBXBuildFile; fileRef = 688D6343137B63AB00BF3FAB /* sample.1.09.kdb */; };
		688D6367137B63AB00BF3FAB /* sample.1.10.kdb in Resources */ = {isa = PBXBuildFile; fileRef = 688D6344137B63AB00BF3FAB /* sample.1.10.kdb */; };
		688D6368137B63AB00BF3FAB /* sample.1.11.kdb in Resources */ = {isa = PBXBuildFile; fileRef = 688D6345137B63AB00BF3FAB /* sample.1.11.kdb */; };
		688D6369137B63AB00BF3FAB /* sample.1.12.kdb in Resources */ = {isa = PBXBuildFile; fileRef = 688D6346137B63AB00BF3FAB /* sample.1.12.kdb */; };
		688D636A137B63AB00BF3FAB /* sample.1.13.kdb in Resources */ = {isa = PBXBuildFile; fileRef = 688D6347137B63AB00BF3FAB /* sample.1.13.kdb */; };
		688D636B137B63AB00BF3FAB /* sample.1.14.kdb in Resources */ = {isa = PBXBuildFile; fileRef = 688D6348137B63AB00BF3FAB /* sample.1.14.kdb */; };
		688D636C137B63AB00BF3FAB /* sample.1.15.kdb in Resources */ = {isa = PBXBuildFile; fileRef = 688D6349137B63AB00BF3FAB /* sample.1.15.kdb */; };
		688D636D137B63AB00BF3FAB /* sample.1.16.kdb in Resources */ = {isa = PBXBuildFile; fileRef = 688D634A137B63AB00BF3FAB /* sample.1.16.kdb */; };
		688D636E137B63AB00BF3FAB /* sample.1.17.kdb in Resources */ = {isa = PBXBuildFile; fileRef = 688D634B137B63AB00BF3FAB /* sample.1.17.kdb */; };
		688D636F137B63AB00BF3FAB /* sample.1.18.kdb in Resources */ = {isa = PBXBuildFile; fileRef = 688D634C137B63AB00BF3FAB /* sample.1.18.kdb */; };
		688D6370137B63AB00BF3FAB /* sample.1.19b.kdb in Resources */ = {isa = PBXBuildFile; fileRef = 688D634D137B63AB00BF3FAB /* sample.1.19b.kdb */; };
		688D6371137B63AB00BF3FAB /* sample.2.01.kdbx in Resources */ = {isa = PBXBuildFile; fileRef = 688D634E137B63AB00BF3FAB /* sample.2.01.kdbx */; };
		688D6372137B63AB00BF3FAB /* sample.2.02.kdbx in Resources */ = {isa = PBXBuildFile; fileRef = 688D634F137B63AB00BF3FAB /* sample.2.02.kdbx */; };
		688D6373137B63AB00BF3FAB /* sample.2.03.kdbx in Resources */ = {isa = PBXBuildFile; fileRef = 688D6350137B63AB00BF3FAB /* sample.2.03.kdbx */; };
		688D6374137B63AB00BF3FAB /* sample.2.04.kdbx in Resources */ = {isa = PBXBuildFile; fileRef = 688D6351137B63AB00BF3FAB /* sample.2.04.kdbx */; };
		688D6375137B63AB00BF3FAB /* sample.2.05.kdbx in Resources */ = {isa = PBXBuildFile; fileRef = 688D6352137B63AB00BF3FAB /* sample.2.05.kdbx */; };
		688D6376137B63AB00BF3FAB /* sample.2.06.kdbx in Resources */ = {isa = PBXBuildFile; fileRef = 688D6353137B63AB00BF3FAB /* sample.2.06.kdbx */; };
		688D6377137B63AB00BF3FAB /* sample.2.07.kdbx in Resources */ = {isa = PBXBuildFile; fileRef = 688D6354137B63AB00BF3FAB /* sample.2.07.kdbx */; };
		688D6378137B63AB00BF3FAB /* sample.2.08.kdbx in Resources */ = {isa = PBXBuildFile; fileRef = 688D6355137B63AB00BF3FAB /* sample.2.08.kdbx */; };
		688D6379137B63AB00BF3FAB /* sample.2.09.kdbx in Resources */ = {isa = PBXBuildFile; fileRef = 688D6356137B63AB00BF3FAB /* sample.2.09.kdbx */; };
		688D637A137B63AB00BF3FAB /* sample.2.10.kdbx in Resources */ = {isa = PBXBuildFile; fileRef = 688D6357137B63AB00BF3FAB /* sample.2.10.kdbx */; };
		688D637B137B63AB00BF3FAB /* sample.2.11.kdbx in Resources */ = {isa = PBXBuildFile; fileRef = 688D6358137B63AB00BF3FAB /* sample.2.11.kdbx */; };
		688D637C137B63AB00BF3FAB /* sample.2.12.kdbx in Resources */ = {isa = PBXBuildFile; fileRef = 688D6359137B63AB00BF3FAB /* sample.2.12.kdbx */; };
		688D637D137B63AB00BF3FAB /* sample.2.13.kdbx in Resources */ = {isa = PBXBuildFile; fileRef = 688D635A137B63AB00BF3FAB /* sample.2.13.kdbx */; };
		688D637E137B63AB00BF3FAB /* sample.2.14.kdbx in Resources */ = {isa = PBXBuildFile; fileRef = 688D635B137B63AB00BF3FAB /* sample.2.14.kdbx */; };
		688D637F137B63AB00BF3FAB /* sample.2.15.kdbx in Resources */ = {isa = PBXBuildFile; fileRef = 688D635C137B63AB00BF3FAB /* sample.2.15.kdbx */; };
		688E68F5136F761500004216 /* Settings.bundle in Resources */ = {isa = PBXBuildFile; fileRef = 688E68F4136F761500004216 /* Settings.bundle */; };
		688F3FB51377805C0049808C /* SelectionListViewController.m in Sources */ = {isa = PBXBuildFile; fileRef = 688F3FB41377805C0049808C /* SelectionListViewController.m */; };
		68964206137F2549001B87A4 /* ChoiceCell.m in Sources */ = {isa = PBXBuildFile; fileRef = 68964205137F2549001B87A4 /* ChoiceCell.m */; };
		6896420A137F325E001B87A4 /* ButtonCell.m in Sources */ = {isa = PBXBuildFile; fileRef = 68964209137F325D001B87A4 /* ButtonCell.m */; };
		689675971379DCE6006BC268 /* AESDecryptSource.m in Sources */ = {isa = PBXBuildFile; fileRef = 689675491379DCE5006BC268 /* AESDecryptSource.m */; };
		689675981379DCE6006BC268 /* AESEncryptSource.m in Sources */ = {isa = PBXBuildFile; fileRef = 6896754B1379DCE5006BC268 /* AESEncryptSource.m */; };
		6896759A1379DCE6006BC268 /* Arc4RandomStream.m in Sources */ = {isa = PBXBuildFile; fileRef = 6896754F1379DCE5006BC268 /* Arc4RandomStream.m */; };
		6896759B1379DCE6006BC268 /* Base64.m in Sources */ = {isa = PBXBuildFile; fileRef = 689675511379DCE5006BC268 /* Base64.m */; };
		6896759D1379DCE6006BC268 /* BinaryContainer.m in Sources */ = {isa = PBXBuildFile; fileRef = 689675551379DCE5006BC268 /* BinaryContainer.m */; };
		6896759E1379DCE6006BC268 /* ByteBuffer.m in Sources */ = {isa = PBXBuildFile; fileRef = 689675571379DCE5006BC268 /* ByteBuffer.m */; };
		689675A11379DCE6006BC268 /* GZipInputData.m in Sources */ = {isa = PBXBuildFile; fileRef = 6896755E1379DCE5006BC268 /* GZipInputData.m */; };
		689675A21379DCE6006BC268 /* HashedInputData.m in Sources */ = {isa = PBXBuildFile; fileRef = 689675601379DCE5006BC268 /* HashedInputData.m */; };
		689675A31379DCE6006BC268 /* Kdb3Date.m in Sources */ = {isa = PBXBuildFile; fileRef = 689675631379DCE5006BC268 /* Kdb3Date.m */; };
		689675A41379DCE6006BC268 /* Kdb3Node.m in Sources */ = {isa = PBXBuildFile; fileRef = 689675651379DCE5006BC268 /* Kdb3Node.m */; };
		689675A51379DCE6006BC268 /* Kdb3Parser.m in Sources */ = {isa = PBXBuildFile; fileRef = 689675671379DCE5006BC268 /* Kdb3Parser.m */; };
		689675A61379DCE6006BC268 /* Kdb3Persist.m in Sources */ = {isa = PBXBuildFile; fileRef = 689675691379DCE5006BC268 /* Kdb3Persist.m */; };
		689675A71379DCE6006BC268 /* Kdb3Reader.m in Sources */ = {isa = PBXBuildFile; fileRef = 6896756B1379DCE5006BC268 /* Kdb3Reader.m */; };
		689675A91379DCE6006BC268 /* Kdb3Writer.m in Sources */ = {isa = PBXBuildFile; fileRef = 6896756F1379DCE5006BC268 /* Kdb3Writer.m */; };
		689675AA1379DCE6006BC268 /* Kdb4Node.m in Sources */ = {isa = PBXBuildFile; fileRef = 689675711379DCE5006BC268 /* Kdb4Node.m */; };
		689675AB1379DCE6006BC268 /* Kdb4Parser.m in Sources */ = {isa = PBXBuildFile; fileRef = 689675731379DCE5006BC268 /* Kdb4Parser.m */; };
		689675AC1379DCE6006BC268 /* Kdb4Reader.m in Sources */ = {isa = PBXBuildFile; fileRef = 689675751379DCE5006BC268 /* Kdb4Reader.m */; };
		689675AE1379DCE6006BC268 /* KdbPassword.m in Sources */ = {isa = PBXBuildFile; fileRef = 6896757A1379DCE5006BC268 /* KdbPassword.m */; };
		689675AF1379DCE6006BC268 /* KdbReaderFactory.m in Sources */ = {isa = PBXBuildFile; fileRef = 6896757D1379DCE5006BC268 /* KdbReaderFactory.m */; };
		689675B21379DCE6006BC268 /* Node.m in Sources */ = {isa = PBXBuildFile; fileRef = 689675831379DCE5006BC268 /* Node.m */; };
		689675B61379DCE6006BC268 /* Salsa20RandomStream.m in Sources */ = {isa = PBXBuildFile; fileRef = 6896758B1379DCE5006BC268 /* Salsa20RandomStream.m */; };
		689675B71379DCE6006BC268 /* Stack.m in Sources */ = {isa = PBXBuildFile; fileRef = 6896758D1379DCE5006BC268 /* Stack.m */; };
		689675B81379DCE6006BC268 /* Tree.m in Sources */ = {isa = PBXBuildFile; fileRef = 6896758F1379DCE5006BC268 /* Tree.m */; };
		689675B91379DCE6006BC268 /* Utils.m in Sources */ = {isa = PBXBuildFile; fileRef = 689675911379DCE5006BC268 /* Utils.m */; };
		689675BA1379DCE6006BC268 /* UUID.m in Sources */ = {isa = PBXBuildFile; fileRef = 689675931379DCE5006BC268 /* UUID.m */; };
		689675BB1379DCE6006BC268 /* WrapperNSData.m in Sources */ = {isa = PBXBuildFile; fileRef = 689675951379DCE5006BC268 /* WrapperNSData.m */; };
		689675BE1379DFD8006BC268 /* libxml2.dylib in Frameworks */ = {isa = PBXBuildFile; fileRef = 689675BD1379DFD8006BC268 /* libxml2.dylib */; };
		689675C01379ECD6006BC268 /* libz.dylib in Frameworks */ = {isa = PBXBuildFile; fileRef = 689675BF1379ECD6006BC268 /* libz.dylib */; };
		689859B1136CDC91001B4204 /* 0.png in Resources */ = {isa = PBXBuildFile; fileRef = 6898596A136CDC91001B4204 /* 0.png */; };
		689859B2136CDC91001B4204 /* 1.png in Resources */ = {isa = PBXBuildFile; fileRef = 6898596B136CDC91001B4204 /* 1.png */; };
		689859B3136CDC91001B4204 /* 10.png in Resources */ = {isa = PBXBuildFile; fileRef = 6898596C136CDC91001B4204 /* 10.png */; };
		689859B4136CDC91001B4204 /* 11.png in Resources */ = {isa = PBXBuildFile; fileRef = 6898596D136CDC91001B4204 /* 11.png */; };
		689859B5136CDC91001B4204 /* 12.png in Resources */ = {isa = PBXBuildFile; fileRef = 6898596E136CDC91001B4204 /* 12.png */; };
		689859B6136CDC91001B4204 /* 13.png in Resources */ = {isa = PBXBuildFile; fileRef = 6898596F136CDC91001B4204 /* 13.png */; };
		689859B7136CDC91001B4204 /* 14.png in Resources */ = {isa = PBXBuildFile; fileRef = 68985970136CDC91001B4204 /* 14.png */; };
		689859B8136CDC91001B4204 /* 15.png in Resources */ = {isa = PBXBuildFile; fileRef = 68985971136CDC91001B4204 /* 15.png */; };
		689859B9136CDC91001B4204 /* 16.png in Resources */ = {isa = PBXBuildFile; fileRef = 68985972136CDC91001B4204 /* 16.png */; };
		689859BA136CDC91001B4204 /* 17.png in Resources */ = {isa = PBXBuildFile; fileRef = 68985973136CDC91001B4204 /* 17.png */; };
		689859BB136CDC91001B4204 /* 18.png in Resources */ = {isa = PBXBuildFile; fileRef = 68985974136CDC91001B4204 /* 18.png */; };
		689859BC136CDC91001B4204 /* 19.png in Resources */ = {isa = PBXBuildFile; fileRef = 68985975136CDC91001B4204 /* 19.png */; };
		689859BD136CDC91001B4204 /* 2.png in Resources */ = {isa = PBXBuildFile; fileRef = 68985976136CDC91001B4204 /* 2.png */; };
		689859BE136CDC91001B4204 /* 20.png in Resources */ = {isa = PBXBuildFile; fileRef = 68985977136CDC91001B4204 /* 20.png */; };
		689859BF136CDC91001B4204 /* 21.png in Resources */ = {isa = PBXBuildFile; fileRef = 68985978136CDC91001B4204 /* 21.png */; };
		689859C0136CDC91001B4204 /* 22.png in Resources */ = {isa = PBXBuildFile; fileRef = 68985979136CDC91001B4204 /* 22.png */; };
		689859C1136CDC91001B4204 /* 23.png in Resources */ = {isa = PBXBuildFile; fileRef = 6898597A136CDC91001B4204 /* 23.png */; };
		689859C2136CDC91001B4204 /* 24.png in Resources */ = {isa = PBXBuildFile; fileRef = 6898597B136CDC91001B4204 /* 24.png */; };
		689859C3136CDC91001B4204 /* 25.png in Resources */ = {isa = PBXBuildFile; fileRef = 6898597C136CDC91001B4204 /* 25.png */; };
		689859C4136CDC91001B4204 /* 26.png in Resources */ = {isa = PBXBuildFile; fileRef = 6898597D136CDC91001B4204 /* 26.png */; };
		689859C5136CDC91001B4204 /* 27.png in Resources */ = {isa = PBXBuildFile; fileRef = 6898597E136CDC91001B4204 /* 27.png */; };
		689859C6136CDC91001B4204 /* 28.png in Resources */ = {isa = PBXBuildFile; fileRef = 6898597F136CDC91001B4204 /* 28.png */; };
		689859C7136CDC91001B4204 /* 29.png in Resources */ = {isa = PBXBuildFile; fileRef = 68985980136CDC91001B4204 /* 29.png */; };
		689859C8136CDC91001B4204 /* 3.png in Resources */ = {isa = PBXBuildFile; fileRef = 68985981136CDC91001B4204 /* 3.png */; };
		689859C9136CDC91001B4204 /* 30.png in Resources */ = {isa = PBXBuildFile; fileRef = 68985982136CDC91001B4204 /* 30.png */; };
		689859CA136CDC91001B4204 /* 31.png in Resources */ = {isa = PBXBuildFile; fileRef = 68985983136CDC91001B4204 /* 31.png */; };
		689859CB136CDC91001B4204 /* 32.png in Resources */ = {isa = PBXBuildFile; fileRef = 68985984136CDC91001B4204 /* 32.png */; };
		689859CC136CDC91001B4204 /* 33.png in Resources */ = {isa = PBXBuildFile; fileRef = 68985985136CDC91001B4204 /* 33.png */; };
		689859CD136CDC91001B4204 /* 34.png in Resources */ = {isa = PBXBuildFile; fileRef = 68985986136CDC91001B4204 /* 34.png */; };
		689859CE136CDC91001B4204 /* 35.png in Resources */ = {isa = PBXBuildFile; fileRef = 68985987136CDC91001B4204 /* 35.png */; };
		689859CF136CDC91001B4204 /* 36.png in Resources */ = {isa = PBXBuildFile; fileRef = 68985988136CDC91001B4204 /* 36.png */; };
		689859D0136CDC91001B4204 /* 37.png in Resources */ = {isa = PBXBuildFile; fileRef = 68985989136CDC91001B4204 /* 37.png */; };
		689859D1136CDC91001B4204 /* 38.png in Resources */ = {isa = PBXBuildFile; fileRef = 6898598A136CDC91001B4204 /* 38.png */; };
		689859D2136CDC91001B4204 /* 39.png in Resources */ = {isa = PBXBuildFile; fileRef = 6898598B136CDC91001B4204 /* 39.png */; };
		689859D3136CDC91001B4204 /* 4.png in Resources */ = {isa = PBXBuildFile; fileRef = 6898598C136CDC91001B4204 /* 4.png */; };
		689859D4136CDC91001B4204 /* 40.png in Resources */ = {isa = PBXBuildFile; fileRef = 6898598D136CDC91001B4204 /* 40.png */; };
		689859D5136CDC91001B4204 /* 41.png in Resources */ = {isa = PBXBuildFile; fileRef = 6898598E136CDC91001B4204 /* 41.png */; };
		689859D6136CDC91001B4204 /* 42.png in Resources */ = {isa = PBXBuildFile; fileRef = 6898598F136CDC91001B4204 /* 42.png */; };
		689859D7136CDC91001B4204 /* 43.png in Resources */ = {isa = PBXBuildFile; fileRef = 68985990136CDC91001B4204 /* 43.png */; };
		689859D8136CDC91001B4204 /* 44.png in Resources */ = {isa = PBXBuildFile; fileRef = 68985991136CDC91001B4204 /* 44.png */; };
		689859D9136CDC91001B4204 /* 45.png in Resources */ = {isa = PBXBuildFile; fileRef = 68985992136CDC91001B4204 /* 45.png */; };
		689859DA136CDC91001B4204 /* 46.png in Resources */ = {isa = PBXBuildFile; fileRef = 68985993136CDC91001B4204 /* 46.png */; };
		689859DB136CDC91001B4204 /* 47.png in Resources */ = {isa = PBXBuildFile; fileRef = 68985994136CDC91001B4204 /* 47.png */; };
		689859DC136CDC91001B4204 /* 48.png in Resources */ = {isa = PBXBuildFile; fileRef = 68985995136CDC91001B4204 /* 48.png */; };
		689859DD136CDC91001B4204 /* 49.png in Resources */ = {isa = PBXBuildFile; fileRef = 68985996136CDC91001B4204 /* 49.png */; };
		689859DE136CDC91001B4204 /* 5.png in Resources */ = {isa = PBXBuildFile; fileRef = 68985997136CDC91001B4204 /* 5.png */; };
		689859DF136CDC91001B4204 /* 50.png in Resources */ = {isa = PBXBuildFile; fileRef = 68985998136CDC91001B4204 /* 50.png */; };
		689859E0136CDC91001B4204 /* 51.png in Resources */ = {isa = PBXBuildFile; fileRef = 68985999136CDC91001B4204 /* 51.png */; };
		689859E1136CDC91001B4204 /* 52.png in Resources */ = {isa = PBXBuildFile; fileRef = 6898599A136CDC91001B4204 /* 52.png */; };
		689859E2136CDC91001B4204 /* 53.png in Resources */ = {isa = PBXBuildFile; fileRef = 6898599B136CDC91001B4204 /* 53.png */; };
		689859E3136CDC91001B4204 /* 54.png in Resources */ = {isa = PBXBuildFile; fileRef = 6898599C136CDC91001B4204 /* 54.png */; };
		689859E4136CDC91001B4204 /* 55.png in Resources */ = {isa = PBXBuildFile; fileRef = 6898599D136CDC91001B4204 /* 55.png */; };
		689859E5136CDC91001B4204 /* 56.png in Resources */ = {isa = PBXBuildFile; fileRef = 6898599E136CDC91001B4204 /* 56.png */; };
		689859E6136CDC91001B4204 /* 57.png in Resources */ = {isa = PBXBuildFile; fileRef = 6898599F136CDC91001B4204 /* 57.png */; };
		689859E7136CDC91001B4204 /* 58.png in Resources */ = {isa = PBXBuildFile; fileRef = 689859A0136CDC91001B4204 /* 58.png */; };
		689859E8136CDC91001B4204 /* 59.png in Resources */ = {isa = PBXBuildFile; fileRef = 689859A1136CDC91001B4204 /* 59.png */; };
		689859E9136CDC91001B4204 /* 6.png in Resources */ = {isa = PBXBuildFile; fileRef = 689859A2136CDC91001B4204 /* 6.png */; };
		689859EA136CDC91001B4204 /* 60.png in Resources */ = {isa = PBXBuildFile; fileRef = 689859A3136CDC91001B4204 /* 60.png */; };
		689859EB136CDC91001B4204 /* 61.png in Resources */ = {isa = PBXBuildFile; fileRef = 689859A4136CDC91001B4204 /* 61.png */; };
		689859EC136CDC91001B4204 /* 62.png in Resources */ = {isa = PBXBuildFile; fileRef = 689859A5136CDC91001B4204 /* 62.png */; };
		689859ED136CDC91001B4204 /* 63.png in Resources */ = {isa = PBXBuildFile; fileRef = 689859A6136CDC91001B4204 /* 63.png */; };
		689859EE136CDC91001B4204 /* 64.png in Resources */ = {isa = PBXBuildFile; fileRef = 689859A7136CDC91001B4204 /* 64.png */; };
		689859EF136CDC91001B4204 /* 65.png in Resources */ = {isa = PBXBuildFile; fileRef = 689859A8136CDC91001B4204 /* 65.png */; };
		689859F0136CDC91001B4204 /* 66.png in Resources */ = {isa = PBXBuildFile; fileRef = 689859A9136CDC91001B4204 /* 66.png */; };
		689859F1136CDC91001B4204 /* 67.png in Resources */ = {isa = PBXBuildFile; fileRef = 689859AA136CDC91001B4204 /* 67.png */; };
		689859F2136CDC91001B4204 /* 68.png in Resources */ = {isa = PBXBuildFile; fileRef = 689859AB136CDC91001B4204 /* 68.png */; };
		689859F3136CDC91001B4204 /* 7.png in Resources */ = {isa = PBXBuildFile; fileRef = 689859AC136CDC91001B4204 /* 7.png */; };
		689859F4136CDC91001B4204 /* 8.png in Resources */ = {isa = PBXBuildFile; fileRef = 689859AD136CDC91001B4204 /* 8.png */; };
		689859F5136CDC91001B4204 /* 9.png in Resources */ = {isa = PBXBuildFile; fileRef = 689859AE136CDC91001B4204 /* 9.png */; };
		689EB69D136DAE1C00C8DA1E /* TextViewCell.m in Sources */ = {isa = PBXBuildFile; fileRef = 689EB69C136DAE1C00C8DA1E /* TextViewCell.m */; };
		689EB6A0136DB4BF00C8DA1E /* TextFieldCell.m in Sources */ = {isa = PBXBuildFile; fileRef = 689EB69F136DB4BF00C8DA1E /* TextFieldCell.m */; };
		689EB6A3136DC24C00C8DA1E /* EntryViewController.m in Sources */ = {isa = PBXBuildFile; fileRef = 689EB6A2136DC24C00C8DA1E /* EntryViewController.m */; };
		68A6C234138014B8006E4867 /* background.png in Resources */ = {isa = PBXBuildFile; fileRef = 68A6C232138014B8006E4867 /* background.png */; };
		68A6C235138014B8006E4867 /* background@2x.png in Resources */ = {isa = PBXBuildFile; fileRef = 68A6C233138014B8006E4867 /* background@2x.png */; };
		68C6BDEE137F10CF0013373A /* SwitchCell.m in Sources */ = {isa = PBXBuildFile; fileRef = 68C6BDED137F10CF0013373A /* SwitchCell.m */; };
		68D5900A136CB5CB0064CEE5 /* UIKit.framework in Frameworks */ = {isa = PBXBuildFile; fileRef = 68D59009136CB5CB0064CEE5 /* UIKit.framework */; };
		68D5900C136CB5CB0064CEE5 /* Foundation.framework in Frameworks */ = {isa = PBXBuildFile; fileRef = 68D5900B136CB5CB0064CEE5 /* Foundation.framework */; };
		68D5900E136CB5CB0064CEE5 /* CoreGraphics.framework in Frameworks */ = {isa = PBXBuildFile; fileRef = 68D5900D136CB5CB0064CEE5 /* CoreGraphics.framework */; };
		68D59014136CB5CB0064CEE5 /* InfoPlist.strings in Resources */ = {isa = PBXBuildFile; fileRef = 68D59012136CB5CB0064CEE5 /* InfoPlist.strings */; };
		68D59017136CB5CB0064CEE5 /* main.m in Sources */ = {isa = PBXBuildFile; fileRef = 68D59016136CB5CB0064CEE5 /* main.m */; };
		68D5901A136CB5CB0064CEE5 /* MobileKeePassAppDelegate.m in Sources */ = {isa = PBXBuildFile; fileRef = 68D59019136CB5CB0064CEE5 /* MobileKeePassAppDelegate.m */; };
		68D5903B136CB7820064CEE5 /* GroupViewController.m in Sources */ = {isa = PBXBuildFile; fileRef = 68D5903A136CB7820064CEE5 /* GroupViewController.m */; };
		68DCBB4413795F8600B1C089 /* itunes.html in Resources */ = {isa = PBXBuildFile; fileRef = 68DCBB4313795F8600B1C089 /* itunes.html */; };
		68DCBB471379621800B1C089 /* dropbox.html in Resources */ = {isa = PBXBuildFile; fileRef = 68DCBB461379621800B1C089 /* dropbox.html */; };
		68DCBB49137965C100B1C089 /* style.css in Resources */ = {isa = PBXBuildFile; fileRef = 68DCBB48137965C100B1C089 /* style.css */; };
/* End PBXBuildFile section */

/* Begin PBXFileReference section */
		523232A4136F128300692CEA /* DatabaseDocument.h */ = {isa = PBXFileReference; fileEncoding = 4; lastKnownFileType = sourcecode.c.h; path = DatabaseDocument.h; sourceTree = "<group>"; };
		523232A5136F128300692CEA /* DatabaseDocument.m */ = {isa = PBXFileReference; fileEncoding = 4; lastKnownFileType = sourcecode.c.objc; path = DatabaseDocument.m; sourceTree = "<group>"; };
		523232A6136F128300692CEA /* PasswordEntryController.h */ = {isa = PBXFileReference; fileEncoding = 4; lastKnownFileType = sourcecode.c.h; path = PasswordEntryController.h; sourceTree = "<group>"; };
		523232A7136F128300692CEA /* PasswordEntryController.m */ = {isa = PBXFileReference; fileEncoding = 4; lastKnownFileType = sourcecode.c.objc; path = PasswordEntryController.m; sourceTree = "<group>"; };
		523FBD6213736834004575FB /* icon@2x.png */ = {isa = PBXFileReference; lastKnownFileType = image.png; path = "icon@2x.png"; sourceTree = "<group>"; };
		523FBD7C1373C05E004575FB /* icon.png */ = {isa = PBXFileReference; lastKnownFileType = image.png; path = icon.png; sourceTree = "<group>"; };
		52644C91137088E800A58D92 /* PinViewController.h */ = {isa = PBXFileReference; fileEncoding = 4; lastKnownFileType = sourcecode.c.h; path = PinViewController.h; sourceTree = "<group>"; };
		52644C92137088E800A58D92 /* PinViewController.m */ = {isa = PBXFileReference; fileEncoding = 4; lastKnownFileType = sourcecode.c.objc; path = PinViewController.m; sourceTree = "<group>"; };
		52644C951370915400A58D92 /* box.png */ = {isa = PBXFileReference; lastKnownFileType = image.png; path = box.png; sourceTree = "<group>"; };
		52644C961370915400A58D92 /* box@2x.png */ = {isa = PBXFileReference; lastKnownFileType = image.png; path = "box@2x.png"; sourceTree = "<group>"; };
		52644C991370954700A58D92 /* PinTextField.h */ = {isa = PBXFileReference; fileEncoding = 4; lastKnownFileType = sourcecode.c.h; path = PinTextField.h; sourceTree = "<group>"; };
		52644C9A1370954700A58D92 /* PinTextField.m */ = {isa = PBXFileReference; fileEncoding = 4; lastKnownFileType = sourcecode.c.objc; path = PinTextField.m; sourceTree = "<group>"; };
		5269AAFF1379F7A900517316 /* Default.png */ = {isa = PBXFileReference; lastKnownFileType = image.png; path = Default.png; sourceTree = "<group>"; };
		5269AB011379F84500517316 /* Default@2x.png */ = {isa = PBXFileReference; lastKnownFileType = image.png; path = "Default@2x.png"; sourceTree = "<group>"; };
		52B36F841370A46E00C19BF8 /* AudioToolbox.framework */ = {isa = PBXFileReference; lastKnownFileType = wrapper.framework; name = AudioToolbox.framework; path = System/Library/Frameworks/AudioToolbox.framework; sourceTree = SDKROOT; };
		52F42CF213747BE10074E5D5 /* SettingsViewController.h */ = {isa = PBXFileReference; fileEncoding = 4; lastKnownFileType = sourcecode.c.h; path = SettingsViewController.h; sourceTree = "<group>"; };
		52F42CF313747BE10074E5D5 /* SettingsViewController.m */ = {isa = PBXFileReference; fileEncoding = 4; lastKnownFileType = sourcecode.c.objc; path = SettingsViewController.m; sourceTree = "<group>"; };
		6805EBD1137648B800340C02 /* README.md */ = {isa = PBXFileReference; fileEncoding = 4; lastKnownFileType = text; path = README.md; sourceTree = "<group>"; };
		6805EBD413764A5F00340C02 /* LICENSE.txt */ = {isa = PBXFileReference; fileEncoding = 4; lastKnownFileType = text; path = LICENSE.txt; sourceTree = "<group>"; };
		6813262C136F7BA7004F4864 /* UrlFieldCell.h */ = {isa = PBXFileReference; fileEncoding = 4; lastKnownFileType = sourcecode.c.h; path = UrlFieldCell.h; sourceTree = "<group>"; };
		6813262D136F7BA7004F4864 /* UrlFieldCell.m */ = {isa = PBXFileReference; fileEncoding = 4; lastKnownFileType = sourcecode.c.objc; path = UrlFieldCell.m; sourceTree = "<group>"; };
		68132637136F8B79004F4864 /* PasswordFieldCell.h */ = {isa = PBXFileReference; fileEncoding = 4; lastKnownFileType = sourcecode.c.h; path = PasswordFieldCell.h; sourceTree = "<group>"; };
		68132638136F8B79004F4864 /* PasswordFieldCell.m */ = {isa = PBXFileReference; fileEncoding = 4; lastKnownFileType = sourcecode.c.objc; path = PasswordFieldCell.m; sourceTree = "<group>"; };
		685985F21377412D0004414C /* FilesHelpView.h */ = {isa = PBXFileReference; fileEncoding = 4; path = FilesHelpView.h; sourceTree = "<group>"; };
		685985F31377412E0004414C /* FilesHelpView.m */ = {isa = PBXFileReference; fileEncoding = 4; lastKnownFileType = sourcecode.c.objc; path = FilesHelpView.m; sourceTree = "<group>"; };
		6872F028137746D0008E55B9 /* FilesViewController.h */ = {isa = PBXFileReference; fileEncoding = 4; lastKnownFileType = sourcecode.c.h; path = FilesViewController.h; sourceTree = "<group>"; };
		6872F029137746D0008E55B9 /* FilesViewController.m */ = {isa = PBXFileReference; fileEncoding = 4; lastKnownFileType = sourcecode.c.objc; path = FilesViewController.m; sourceTree = "<group>"; };
		687366EA1373979A0053CCA3 /* SFHFKeychainUtils.h */ = {isa = PBXFileReference; fileEncoding = 4; lastKnownFileType = sourcecode.c.h; path = SFHFKeychainUtils.h; sourceTree = "<group>"; };
		687366EB1373979A0053CCA3 /* SFHFKeychainUtils.m */ = {isa = PBXFileReference; fileEncoding = 4; lastKnownFileType = sourcecode.c.objc; path = SFHFKeychainUtils.m; sourceTree = "<group>"; };
		687366ED137399360053CCA3 /* Security.framework */ = {isa = PBXFileReference; lastKnownFileType = wrapper.framework; name = Security.framework; path = System/Library/Frameworks/Security.framework; sourceTree = SDKROOT; };
		688231DA138046FC0046B00D /* SearchViewController.h */ = {isa = PBXFileReference; fileEncoding = 4; lastKnownFileType = sourcecode.c.h; path = SearchViewController.h; sourceTree = "<group>"; };
		688231DB138046FC0046B00D /* SearchViewController.m */ = {isa = PBXFileReference; fileEncoding = 4; lastKnownFileType = sourcecode.c.objc; path = SearchViewController.m; sourceTree = "<group>"; };
		688231DE13806D270046B00D /* tab_files.png */ = {isa = PBXFileReference; lastKnownFileType = image.png; path = tab_files.png; sourceTree = "<group>"; };
		688231DF13806D270046B00D /* tab_files@2x.png */ = {isa = PBXFileReference; lastKnownFileType = image.png; path = "tab_files@2x.png"; sourceTree = "<group>"; };
		688231E013806D270046B00D /* tab_gear.png */ = {isa = PBXFileReference; lastKnownFileType = image.png; path = tab_gear.png; sourceTree = "<group>"; };
		688231E113806D270046B00D /* tab_gear@2x.png */ = {isa = PBXFileReference; lastKnownFileType = image.png; path = "tab_gear@2x.png"; sourceTree = "<group>"; };
		688231E413806D270046B00D /* tab_search.png */ = {isa = PBXFileReference; lastKnownFileType = image.png; path = tab_search.png; sourceTree = "<group>"; };
		688231E513806D270046B00D /* tab_search@2x.png */ = {isa = PBXFileReference; lastKnownFileType = image.png; path = "tab_search@2x.png"; sourceTree = "<group>"; };
		688D47731378DF9400BEE609 /* DatabaseManager.h */ = {isa = PBXFileReference; fileEncoding = 4; lastKnownFileType = sourcecode.c.h; path = DatabaseManager.h; sourceTree = "<group>"; };
		688D47741378DF9400BEE609 /* DatabaseManager.m */ = {isa = PBXFileReference; fileEncoding = 4; lastKnownFileType = sourcecode.c.objc; path = DatabaseManager.m; sourceTree = "<group>"; };
		688D633A137B63AB00BF3FAB /* sample.1.00.kdb */ = {isa = PBXFileReference; lastKnownFileType = file; path = sample.1.00.kdb; sourceTree = "<group>"; };
		688D633B137B63AB00BF3FAB /* sample.1.01.kdb */ = {isa = PBXFileReference; lastKnownFileType = file; path = sample.1.01.kdb; sourceTree = "<group>"; };
		688D633C137B63AB00BF3FAB /* sample.1.02.kdb */ = {isa = PBXFileReference; lastKnownFileType = file; path = sample.1.02.kdb; sourceTree = "<group>"; };
		688D633D137B63AB00BF3FAB /* sample.1.03.kdb */ = {isa = PBXFileReference; lastKnownFileType = file; path = sample.1.03.kdb; sourceTree = "<group>"; };
		688D633E137B63AB00BF3FAB /* sample.1.04.kdb */ = {isa = PBXFileReference; lastKnownFileType = file; path = sample.1.04.kdb; sourceTree = "<group>"; };
		688D633F137B63AB00BF3FAB /* sample.1.05.kdb */ = {isa = PBXFileReference; lastKnownFileType = file; path = sample.1.05.kdb; sourceTree = "<group>"; };
		688D6340137B63AB00BF3FAB /* sample.1.06.kdb */ = {isa = PBXFileReference; lastKnownFileType = file; path = sample.1.06.kdb; sourceTree = "<group>"; };
		688D6341137B63AB00BF3FAB /* sample.1.07.kdb */ = {isa = PBXFileReference; lastKnownFileType = file; path = sample.1.07.kdb; sourceTree = "<group>"; };
		688D6342137B63AB00BF3FAB /* sample.1.08.kdb */ = {isa = PBXFileReference; lastKnownFileType = file; path = sample.1.08.kdb; sourceTree = "<group>"; };
		688D6343137B63AB00BF3FAB /* sample.1.09.kdb */ = {isa = PBXFileReference; lastKnownFileType = file; path = sample.1.09.kdb; sourceTree = "<group>"; };
		688D6344137B63AB00BF3FAB /* sample.1.10.kdb */ = {isa = PBXFileReference; lastKnownFileType = file; path = sample.1.10.kdb; sourceTree = "<group>"; };
		688D6345137B63AB00BF3FAB /* sample.1.11.kdb */ = {isa = PBXFileReference; lastKnownFileType = file; path = sample.1.11.kdb; sourceTree = "<group>"; };
		688D6346137B63AB00BF3FAB /* sample.1.12.kdb */ = {isa = PBXFileReference; lastKnownFileType = file; path = sample.1.12.kdb; sourceTree = "<group>"; };
		688D6347137B63AB00BF3FAB /* sample.1.13.kdb */ = {isa = PBXFileReference; lastKnownFileType = file; path = sample.1.13.kdb; sourceTree = "<group>"; };
		688D6348137B63AB00BF3FAB /* sample.1.14.kdb */ = {isa = PBXFileReference; lastKnownFileType = file; path = sample.1.14.kdb; sourceTree = "<group>"; };
		688D6349137B63AB00BF3FAB /* sample.1.15.kdb */ = {isa = PBXFileReference; lastKnownFileType = file; path = sample.1.15.kdb; sourceTree = "<group>"; };
		688D634A137B63AB00BF3FAB /* sample.1.16.kdb */ = {isa = PBXFileReference; lastKnownFileType = file; path = sample.1.16.kdb; sourceTree = "<group>"; };
		688D634B137B63AB00BF3FAB /* sample.1.17.kdb */ = {isa = PBXFileReference; lastKnownFileType = file; path = sample.1.17.kdb; sourceTree = "<group>"; };
		688D634C137B63AB00BF3FAB /* sample.1.18.kdb */ = {isa = PBXFileReference; lastKnownFileType = file; path = sample.1.18.kdb; sourceTree = "<group>"; };
		688D634D137B63AB00BF3FAB /* sample.1.19b.kdb */ = {isa = PBXFileReference; lastKnownFileType = file; path = sample.1.19b.kdb; sourceTree = "<group>"; };
		688D634E137B63AB00BF3FAB /* sample.2.01.kdbx */ = {isa = PBXFileReference; lastKnownFileType = file; path = sample.2.01.kdbx; sourceTree = "<group>"; };
		688D634F137B63AB00BF3FAB /* sample.2.02.kdbx */ = {isa = PBXFileReference; lastKnownFileType = file; path = sample.2.02.kdbx; sourceTree = "<group>"; };
		688D6350137B63AB00BF3FAB /* sample.2.03.kdbx */ = {isa = PBXFileReference; lastKnownFileType = file; path = sample.2.03.kdbx; sourceTree = "<group>"; };
		688D6351137B63AB00BF3FAB /* sample.2.04.kdbx */ = {isa = PBXFileReference; lastKnownFileType = file; path = sample.2.04.kdbx; sourceTree = "<group>"; };
		688D6352137B63AB00BF3FAB /* sample.2.05.kdbx */ = {isa = PBXFileReference; lastKnownFileType = file; path = sample.2.05.kdbx; sourceTree = "<group>"; };
		688D6353137B63AB00BF3FAB /* sample.2.06.kdbx */ = {isa = PBXFileReference; lastKnownFileType = file; path = sample.2.06.kdbx; sourceTree = "<group>"; };
		688D6354137B63AB00BF3FAB /* sample.2.07.kdbx */ = {isa = PBXFileReference; lastKnownFileType = file; path = sample.2.07.kdbx; sourceTree = "<group>"; };
		688D6355137B63AB00BF3FAB /* sample.2.08.kdbx */ = {isa = PBXFileReference; lastKnownFileType = file; path = sample.2.08.kdbx; sourceTree = "<group>"; };
		688D6356137B63AB00BF3FAB /* sample.2.09.kdbx */ = {isa = PBXFileReference; lastKnownFileType = file; path = sample.2.09.kdbx; sourceTree = "<group>"; };
		688D6357137B63AB00BF3FAB /* sample.2.10.kdbx */ = {isa = PBXFileReference; lastKnownFileType = file; path = sample.2.10.kdbx; sourceTree = "<group>"; };
		688D6358137B63AB00BF3FAB /* sample.2.11.kdbx */ = {isa = PBXFileReference; lastKnownFileType = file; path = sample.2.11.kdbx; sourceTree = "<group>"; };
		688D6359137B63AB00BF3FAB /* sample.2.12.kdbx */ = {isa = PBXFileReference; lastKnownFileType = file; path = sample.2.12.kdbx; sourceTree = "<group>"; };
		688D635A137B63AB00BF3FAB /* sample.2.13.kdbx */ = {isa = PBXFileReference; lastKnownFileType = file; path = sample.2.13.kdbx; sourceTree = "<group>"; };
		688D635B137B63AB00BF3FAB /* sample.2.14.kdbx */ = {isa = PBXFileReference; lastKnownFileType = file; path = sample.2.14.kdbx; sourceTree = "<group>"; };
		688D635C137B63AB00BF3FAB /* sample.2.15.kdbx */ = {isa = PBXFileReference; lastKnownFileType = file; path = sample.2.15.kdbx; sourceTree = "<group>"; };
		688E68F4136F761500004216 /* Settings.bundle */ = {isa = PBXFileReference; lastKnownFileType = "wrapper.plug-in"; path = Settings.bundle; sourceTree = "<group>"; };
		688F3FB31377805C0049808C /* SelectionListViewController.h */ = {isa = PBXFileReference; fileEncoding = 4; lastKnownFileType = sourcecode.c.h; path = SelectionListViewController.h; sourceTree = "<group>"; };
		688F3FB41377805C0049808C /* SelectionListViewController.m */ = {isa = PBXFileReference; fileEncoding = 4; lastKnownFileType = sourcecode.c.objc; path = SelectionListViewController.m; sourceTree = "<group>"; };
		68964204137F2549001B87A4 /* ChoiceCell.h */ = {isa = PBXFileReference; fileEncoding = 4; lastKnownFileType = sourcecode.c.h; path = ChoiceCell.h; sourceTree = "<group>"; };
		68964205137F2549001B87A4 /* ChoiceCell.m */ = {isa = PBXFileReference; fileEncoding = 4; lastKnownFileType = sourcecode.c.objc; path = ChoiceCell.m; sourceTree = "<group>"; };
		68964208137F325D001B87A4 /* ButtonCell.h */ = {isa = PBXFileReference; fileEncoding = 4; lastKnownFileType = sourcecode.c.h; path = ButtonCell.h; sourceTree = "<group>"; };
		68964209137F325D001B87A4 /* ButtonCell.m */ = {isa = PBXFileReference; fileEncoding = 4; lastKnownFileType = sourcecode.c.objc; path = ButtonCell.m; sourceTree = "<group>"; };
		689675481379DCE5006BC268 /* AESDecryptSource.h */ = {isa = PBXFileReference; fileEncoding = 4; lastKnownFileType = sourcecode.c.h; path = AESDecryptSource.h; sourceTree = "<group>"; };
		689675491379DCE5006BC268 /* AESDecryptSource.m */ = {isa = PBXFileReference; fileEncoding = 4; lastKnownFileType = sourcecode.c.objc; path = AESDecryptSource.m; sourceTree = "<group>"; };
		6896754A1379DCE5006BC268 /* AESEncryptSource.h */ = {isa = PBXFileReference; fileEncoding = 4; lastKnownFileType = sourcecode.c.h; path = AESEncryptSource.h; sourceTree = "<group>"; };
		6896754B1379DCE5006BC268 /* AESEncryptSource.m */ = {isa = PBXFileReference; fileEncoding = 4; lastKnownFileType = sourcecode.c.objc; path = AESEncryptSource.m; sourceTree = "<group>"; };
		6896754E1379DCE5006BC268 /* Arc4RandomStream.h */ = {isa = PBXFileReference; fileEncoding = 4; lastKnownFileType = sourcecode.c.h; path = Arc4RandomStream.h; sourceTree = "<group>"; };
		6896754F1379DCE5006BC268 /* Arc4RandomStream.m */ = {isa = PBXFileReference; fileEncoding = 4; lastKnownFileType = sourcecode.c.objc; path = Arc4RandomStream.m; sourceTree = "<group>"; };
		689675501379DCE5006BC268 /* Base64.h */ = {isa = PBXFileReference; fileEncoding = 4; lastKnownFileType = sourcecode.c.h; path = Base64.h; sourceTree = "<group>"; };
		689675511379DCE5006BC268 /* Base64.m */ = {isa = PBXFileReference; fileEncoding = 4; lastKnownFileType = sourcecode.c.objc; path = Base64.m; sourceTree = "<group>"; };
		689675541379DCE5006BC268 /* BinaryContainer.h */ = {isa = PBXFileReference; fileEncoding = 4; lastKnownFileType = sourcecode.c.h; path = BinaryContainer.h; sourceTree = "<group>"; };
		689675551379DCE5006BC268 /* BinaryContainer.m */ = {isa = PBXFileReference; fileEncoding = 4; lastKnownFileType = sourcecode.c.objc; path = BinaryContainer.m; sourceTree = "<group>"; };
		689675561379DCE5006BC268 /* ByteBuffer.h */ = {isa = PBXFileReference; fileEncoding = 4; lastKnownFileType = sourcecode.c.h; path = ByteBuffer.h; sourceTree = "<group>"; };
		689675571379DCE5006BC268 /* ByteBuffer.m */ = {isa = PBXFileReference; fileEncoding = 4; lastKnownFileType = sourcecode.c.objc; path = ByteBuffer.m; sourceTree = "<group>"; };
		689675581379DCE5006BC268 /* DataSource.h */ = {isa = PBXFileReference; fileEncoding = 4; lastKnownFileType = sourcecode.c.h; path = DataSource.h; sourceTree = "<group>"; };
		6896755D1379DCE5006BC268 /* GZipInputData.h */ = {isa = PBXFileReference; fileEncoding = 4; lastKnownFileType = sourcecode.c.h; path = GZipInputData.h; sourceTree = "<group>"; };
		6896755E1379DCE5006BC268 /* GZipInputData.m */ = {isa = PBXFileReference; fileEncoding = 4; lastKnownFileType = sourcecode.c.objc; path = GZipInputData.m; sourceTree = "<group>"; };
		6896755F1379DCE5006BC268 /* HashedInputData.h */ = {isa = PBXFileReference; fileEncoding = 4; lastKnownFileType = sourcecode.c.h; path = HashedInputData.h; sourceTree = "<group>"; };
		689675601379DCE5006BC268 /* HashedInputData.m */ = {isa = PBXFileReference; fileEncoding = 4; lastKnownFileType = sourcecode.c.objc; path = HashedInputData.m; sourceTree = "<group>"; };
		689675611379DCE5006BC268 /* Kdb.h */ = {isa = PBXFileReference; fileEncoding = 4; lastKnownFileType = sourcecode.c.h; path = Kdb.h; sourceTree = "<group>"; };
		689675621379DCE5006BC268 /* Kdb3Date.h */ = {isa = PBXFileReference; fileEncoding = 4; lastKnownFileType = sourcecode.c.h; path = Kdb3Date.h; sourceTree = "<group>"; };
		689675631379DCE5006BC268 /* Kdb3Date.m */ = {isa = PBXFileReference; fileEncoding = 4; lastKnownFileType = sourcecode.c.objc; path = Kdb3Date.m; sourceTree = "<group>"; };
		689675641379DCE5006BC268 /* Kdb3Node.h */ = {isa = PBXFileReference; fileEncoding = 4; lastKnownFileType = sourcecode.c.h; path = Kdb3Node.h; sourceTree = "<group>"; };
		689675651379DCE5006BC268 /* Kdb3Node.m */ = {isa = PBXFileReference; fileEncoding = 4; lastKnownFileType = sourcecode.c.objc; path = Kdb3Node.m; sourceTree = "<group>"; };
		689675661379DCE5006BC268 /* Kdb3Parser.h */ = {isa = PBXFileReference; fileEncoding = 4; lastKnownFileType = sourcecode.c.h; path = Kdb3Parser.h; sourceTree = "<group>"; };
		689675671379DCE5006BC268 /* Kdb3Parser.m */ = {isa = PBXFileReference; fileEncoding = 4; lastKnownFileType = sourcecode.c.objc; path = Kdb3Parser.m; sourceTree = "<group>"; };
		689675681379DCE5006BC268 /* Kdb3Persist.h */ = {isa = PBXFileReference; fileEncoding = 4; lastKnownFileType = sourcecode.c.h; path = Kdb3Persist.h; sourceTree = "<group>"; };
		689675691379DCE5006BC268 /* Kdb3Persist.m */ = {isa = PBXFileReference; fileEncoding = 4; lastKnownFileType = sourcecode.c.objc; path = Kdb3Persist.m; sourceTree = "<group>"; };
		6896756A1379DCE5006BC268 /* Kdb3Reader.h */ = {isa = PBXFileReference; fileEncoding = 4; lastKnownFileType = sourcecode.c.h; path = Kdb3Reader.h; sourceTree = "<group>"; };
		6896756B1379DCE5006BC268 /* Kdb3Reader.m */ = {isa = PBXFileReference; fileEncoding = 4; lastKnownFileType = sourcecode.c.objc; path = Kdb3Reader.m; sourceTree = "<group>"; };
		6896756E1379DCE5006BC268 /* Kdb3Writer.h */ = {isa = PBXFileReference; fileEncoding = 4; lastKnownFileType = sourcecode.c.h; path = Kdb3Writer.h; sourceTree = "<group>"; };
		6896756F1379DCE5006BC268 /* Kdb3Writer.m */ = {isa = PBXFileReference; fileEncoding = 4; lastKnownFileType = sourcecode.c.objc; path = Kdb3Writer.m; sourceTree = "<group>"; };
		689675701379DCE5006BC268 /* Kdb4Node.h */ = {isa = PBXFileReference; fileEncoding = 4; lastKnownFileType = sourcecode.c.h; path = Kdb4Node.h; sourceTree = "<group>"; };
		689675711379DCE5006BC268 /* Kdb4Node.m */ = {isa = PBXFileReference; fileEncoding = 4; lastKnownFileType = sourcecode.c.objc; path = Kdb4Node.m; sourceTree = "<group>"; };
		689675721379DCE5006BC268 /* Kdb4Parser.h */ = {isa = PBXFileReference; fileEncoding = 4; lastKnownFileType = sourcecode.c.h; path = Kdb4Parser.h; sourceTree = "<group>"; };
		689675731379DCE5006BC268 /* Kdb4Parser.m */ = {isa = PBXFileReference; fileEncoding = 4; lastKnownFileType = sourcecode.c.objc; path = Kdb4Parser.m; sourceTree = "<group>"; };
		689675741379DCE5006BC268 /* Kdb4Reader.h */ = {isa = PBXFileReference; fileEncoding = 4; lastKnownFileType = sourcecode.c.h; path = Kdb4Reader.h; sourceTree = "<group>"; };
		689675751379DCE5006BC268 /* Kdb4Reader.m */ = {isa = PBXFileReference; fileEncoding = 4; lastKnownFileType = sourcecode.c.objc; path = Kdb4Reader.m; sourceTree = "<group>"; };
		689675781379DCE5006BC268 /* KdbLib.h */ = {isa = PBXFileReference; fileEncoding = 4; lastKnownFileType = sourcecode.c.h; path = KdbLib.h; sourceTree = "<group>"; };
		689675791379DCE5006BC268 /* KdbPassword.h */ = {isa = PBXFileReference; fileEncoding = 4; lastKnownFileType = sourcecode.c.h; path = KdbPassword.h; sourceTree = "<group>"; };
		6896757A1379DCE5006BC268 /* KdbPassword.m */ = {isa = PBXFileReference; fileEncoding = 4; lastKnownFileType = sourcecode.c.objc; path = KdbPassword.m; sourceTree = "<group>"; };
		6896757B1379DCE5006BC268 /* KdbReader.h */ = {isa = PBXFileReference; fileEncoding = 4; lastKnownFileType = sourcecode.c.h; path = KdbReader.h; sourceTree = "<group>"; };
		6896757C1379DCE5006BC268 /* KdbReaderFactory.h */ = {isa = PBXFileReference; fileEncoding = 4; lastKnownFileType = sourcecode.c.h; path = KdbReaderFactory.h; sourceTree = "<group>"; };
		6896757D1379DCE5006BC268 /* KdbReaderFactory.m */ = {isa = PBXFileReference; fileEncoding = 4; lastKnownFileType = sourcecode.c.objc; path = KdbReaderFactory.m; sourceTree = "<group>"; };
		689675821379DCE5006BC268 /* Node.h */ = {isa = PBXFileReference; fileEncoding = 4; lastKnownFileType = sourcecode.c.h; path = Node.h; sourceTree = "<group>"; };
		689675831379DCE5006BC268 /* Node.m */ = {isa = PBXFileReference; fileEncoding = 4; lastKnownFileType = sourcecode.c.objc; path = Node.m; sourceTree = "<group>"; };
		689675861379DCE5006BC268 /* RandomStream.h */ = {isa = PBXFileReference; fileEncoding = 4; lastKnownFileType = sourcecode.c.h; path = RandomStream.h; sourceTree = "<group>"; };
		6896758A1379DCE5006BC268 /* Salsa20RandomStream.h */ = {isa = PBXFileReference; fileEncoding = 4; lastKnownFileType = sourcecode.c.h; path = Salsa20RandomStream.h; sourceTree = "<group>"; };
		6896758B1379DCE5006BC268 /* Salsa20RandomStream.m */ = {isa = PBXFileReference; fileEncoding = 4; lastKnownFileType = sourcecode.c.objc; path = Salsa20RandomStream.m; sourceTree = "<group>"; };
		6896758C1379DCE5006BC268 /* Stack.h */ = {isa = PBXFileReference; fileEncoding = 4; lastKnownFileType = sourcecode.c.h; path = Stack.h; sourceTree = "<group>"; };
		6896758D1379DCE5006BC268 /* Stack.m */ = {isa = PBXFileReference; fileEncoding = 4; lastKnownFileType = sourcecode.c.objc; path = Stack.m; sourceTree = "<group>"; };
		6896758E1379DCE5006BC268 /* Tree.h */ = {isa = PBXFileReference; fileEncoding = 4; lastKnownFileType = sourcecode.c.h; path = Tree.h; sourceTree = "<group>"; };
		6896758F1379DCE5006BC268 /* Tree.m */ = {isa = PBXFileReference; fileEncoding = 4; lastKnownFileType = sourcecode.c.objc; path = Tree.m; sourceTree = "<group>"; };
		689675901379DCE5006BC268 /* Utils.h */ = {isa = PBXFileReference; fileEncoding = 4; lastKnownFileType = sourcecode.c.h; path = Utils.h; sourceTree = "<group>"; };
		689675911379DCE5006BC268 /* Utils.m */ = {isa = PBXFileReference; fileEncoding = 4; lastKnownFileType = sourcecode.c.objc; path = Utils.m; sourceTree = "<group>"; };
		689675921379DCE5006BC268 /* UUID.h */ = {isa = PBXFileReference; fileEncoding = 4; lastKnownFileType = sourcecode.c.h; path = UUID.h; sourceTree = "<group>"; };
		689675931379DCE5006BC268 /* UUID.m */ = {isa = PBXFileReference; fileEncoding = 4; lastKnownFileType = sourcecode.c.objc; path = UUID.m; sourceTree = "<group>"; };
		689675941379DCE5006BC268 /* WrapperNSData.h */ = {isa = PBXFileReference; fileEncoding = 4; lastKnownFileType = sourcecode.c.h; path = WrapperNSData.h; sourceTree = "<group>"; };
		689675951379DCE5006BC268 /* WrapperNSData.m */ = {isa = PBXFileReference; fileEncoding = 4; lastKnownFileType = sourcecode.c.objc; path = WrapperNSData.m; sourceTree = "<group>"; };
		689675BD1379DFD8006BC268 /* libxml2.dylib */ = {isa = PBXFileReference; lastKnownFileType = "compiled.mach-o.dylib"; name = libxml2.dylib; path = usr/lib/libxml2.dylib; sourceTree = SDKROOT; };
		689675BF1379ECD6006BC268 /* libz.dylib */ = {isa = PBXFileReference; lastKnownFileType = "compiled.mach-o.dylib"; name = libz.dylib; path = usr/lib/libz.dylib; sourceTree = SDKROOT; };
		6898596A136CDC91001B4204 /* 0.png */ = {isa = PBXFileReference; lastKnownFileType = image.png; path = 0.png; sourceTree = "<group>"; };
		6898596B136CDC91001B4204 /* 1.png */ = {isa = PBXFileReference; lastKnownFileType = image.png; path = 1.png; sourceTree = "<group>"; };
		6898596C136CDC91001B4204 /* 10.png */ = {isa = PBXFileReference; lastKnownFileType = image.png; path = 10.png; sourceTree = "<group>"; };
		6898596D136CDC91001B4204 /* 11.png */ = {isa = PBXFileReference; lastKnownFileType = image.png; path = 11.png; sourceTree = "<group>"; };
		6898596E136CDC91001B4204 /* 12.png */ = {isa = PBXFileReference; lastKnownFileType = image.png; path = 12.png; sourceTree = "<group>"; };
		6898596F136CDC91001B4204 /* 13.png */ = {isa = PBXFileReference; lastKnownFileType = image.png; path = 13.png; sourceTree = "<group>"; };
		68985970136CDC91001B4204 /* 14.png */ = {isa = PBXFileReference; lastKnownFileType = image.png; path = 14.png; sourceTree = "<group>"; };
		68985971136CDC91001B4204 /* 15.png */ = {isa = PBXFileReference; lastKnownFileType = image.png; path = 15.png; sourceTree = "<group>"; };
		68985972136CDC91001B4204 /* 16.png */ = {isa = PBXFileReference; lastKnownFileType = image.png; path = 16.png; sourceTree = "<group>"; };
		68985973136CDC91001B4204 /* 17.png */ = {isa = PBXFileReference; lastKnownFileType = image.png; path = 17.png; sourceTree = "<group>"; };
		68985974136CDC91001B4204 /* 18.png */ = {isa = PBXFileReference; lastKnownFileType = image.png; path = 18.png; sourceTree = "<group>"; };
		68985975136CDC91001B4204 /* 19.png */ = {isa = PBXFileReference; lastKnownFileType = image.png; path = 19.png; sourceTree = "<group>"; };
		68985976136CDC91001B4204 /* 2.png */ = {isa = PBXFileReference; lastKnownFileType = image.png; path = 2.png; sourceTree = "<group>"; };
		68985977136CDC91001B4204 /* 20.png */ = {isa = PBXFileReference; lastKnownFileType = image.png; path = 20.png; sourceTree = "<group>"; };
		68985978136CDC91001B4204 /* 21.png */ = {isa = PBXFileReference; lastKnownFileType = image.png; path = 21.png; sourceTree = "<group>"; };
		68985979136CDC91001B4204 /* 22.png */ = {isa = PBXFileReference; lastKnownFileType = image.png; path = 22.png; sourceTree = "<group>"; };
		6898597A136CDC91001B4204 /* 23.png */ = {isa = PBXFileReference; lastKnownFileType = image.png; path = 23.png; sourceTree = "<group>"; };
		6898597B136CDC91001B4204 /* 24.png */ = {isa = PBXFileReference; lastKnownFileType = image.png; path = 24.png; sourceTree = "<group>"; };
		6898597C136CDC91001B4204 /* 25.png */ = {isa = PBXFileReference; lastKnownFileType = image.png; path = 25.png; sourceTree = "<group>"; };
		6898597D136CDC91001B4204 /* 26.png */ = {isa = PBXFileReference; lastKnownFileType = image.png; path = 26.png; sourceTree = "<group>"; };
		6898597E136CDC91001B4204 /* 27.png */ = {isa = PBXFileReference; lastKnownFileType = image.png; path = 27.png; sourceTree = "<group>"; };
		6898597F136CDC91001B4204 /* 28.png */ = {isa = PBXFileReference; lastKnownFileType = image.png; path = 28.png; sourceTree = "<group>"; };
		68985980136CDC91001B4204 /* 29.png */ = {isa = PBXFileReference; lastKnownFileType = image.png; path = 29.png; sourceTree = "<group>"; };
		68985981136CDC91001B4204 /* 3.png */ = {isa = PBXFileReference; lastKnownFileType = image.png; path = 3.png; sourceTree = "<group>"; };
		68985982136CDC91001B4204 /* 30.png */ = {isa = PBXFileReference; lastKnownFileType = image.png; path = 30.png; sourceTree = "<group>"; };
		68985983136CDC91001B4204 /* 31.png */ = {isa = PBXFileReference; lastKnownFileType = image.png; path = 31.png; sourceTree = "<group>"; };
		68985984136CDC91001B4204 /* 32.png */ = {isa = PBXFileReference; lastKnownFileType = image.png; path = 32.png; sourceTree = "<group>"; };
		68985985136CDC91001B4204 /* 33.png */ = {isa = PBXFileReference; lastKnownFileType = image.png; path = 33.png; sourceTree = "<group>"; };
		68985986136CDC91001B4204 /* 34.png */ = {isa = PBXFileReference; lastKnownFileType = image.png; path = 34.png; sourceTree = "<group>"; };
		68985987136CDC91001B4204 /* 35.png */ = {isa = PBXFileReference; lastKnownFileType = image.png; path = 35.png; sourceTree = "<group>"; };
		68985988136CDC91001B4204 /* 36.png */ = {isa = PBXFileReference; lastKnownFileType = image.png; path = 36.png; sourceTree = "<group>"; };
		68985989136CDC91001B4204 /* 37.png */ = {isa = PBXFileReference; lastKnownFileType = image.png; path = 37.png; sourceTree = "<group>"; };
		6898598A136CDC91001B4204 /* 38.png */ = {isa = PBXFileReference; lastKnownFileType = image.png; path = 38.png; sourceTree = "<group>"; };
		6898598B136CDC91001B4204 /* 39.png */ = {isa = PBXFileReference; lastKnownFileType = image.png; path = 39.png; sourceTree = "<group>"; };
		6898598C136CDC91001B4204 /* 4.png */ = {isa = PBXFileReference; lastKnownFileType = image.png; path = 4.png; sourceTree = "<group>"; };
		6898598D136CDC91001B4204 /* 40.png */ = {isa = PBXFileReference; lastKnownFileType = image.png; path = 40.png; sourceTree = "<group>"; };
		6898598E136CDC91001B4204 /* 41.png */ = {isa = PBXFileReference; lastKnownFileType = image.png; path = 41.png; sourceTree = "<group>"; };
		6898598F136CDC91001B4204 /* 42.png */ = {isa = PBXFileReference; lastKnownFileType = image.png; path = 42.png; sourceTree = "<group>"; };
		68985990136CDC91001B4204 /* 43.png */ = {isa = PBXFileReference; lastKnownFileType = image.png; path = 43.png; sourceTree = "<group>"; };
		68985991136CDC91001B4204 /* 44.png */ = {isa = PBXFileReference; lastKnownFileType = image.png; path = 44.png; sourceTree = "<group>"; };
		68985992136CDC91001B4204 /* 45.png */ = {isa = PBXFileReference; lastKnownFileType = image.png; path = 45.png; sourceTree = "<group>"; };
		68985993136CDC91001B4204 /* 46.png */ = {isa = PBXFileReference; lastKnownFileType = image.png; path = 46.png; sourceTree = "<group>"; };
		68985994136CDC91001B4204 /* 47.png */ = {isa = PBXFileReference; lastKnownFileType = image.png; path = 47.png; sourceTree = "<group>"; };
		68985995136CDC91001B4204 /* 48.png */ = {isa = PBXFileReference; lastKnownFileType = image.png; path = 48.png; sourceTree = "<group>"; };
		68985996136CDC91001B4204 /* 49.png */ = {isa = PBXFileReference; lastKnownFileType = image.png; path = 49.png; sourceTree = "<group>"; };
		68985997136CDC91001B4204 /* 5.png */ = {isa = PBXFileReference; lastKnownFileType = image.png; path = 5.png; sourceTree = "<group>"; };
		68985998136CDC91001B4204 /* 50.png */ = {isa = PBXFileReference; lastKnownFileType = image.png; path = 50.png; sourceTree = "<group>"; };
		68985999136CDC91001B4204 /* 51.png */ = {isa = PBXFileReference; lastKnownFileType = image.png; path = 51.png; sourceTree = "<group>"; };
		6898599A136CDC91001B4204 /* 52.png */ = {isa = PBXFileReference; lastKnownFileType = image.png; path = 52.png; sourceTree = "<group>"; };
		6898599B136CDC91001B4204 /* 53.png */ = {isa = PBXFileReference; lastKnownFileType = image.png; path = 53.png; sourceTree = "<group>"; };
		6898599C136CDC91001B4204 /* 54.png */ = {isa = PBXFileReference; lastKnownFileType = image.png; path = 54.png; sourceTree = "<group>"; };
		6898599D136CDC91001B4204 /* 55.png */ = {isa = PBXFileReference; lastKnownFileType = image.png; path = 55.png; sourceTree = "<group>"; };
		6898599E136CDC91001B4204 /* 56.png */ = {isa = PBXFileReference; lastKnownFileType = image.png; path = 56.png; sourceTree = "<group>"; };
		6898599F136CDC91001B4204 /* 57.png */ = {isa = PBXFileReference; lastKnownFileType = image.png; path = 57.png; sourceTree = "<group>"; };
		689859A0136CDC91001B4204 /* 58.png */ = {isa = PBXFileReference; lastKnownFileType = image.png; path = 58.png; sourceTree = "<group>"; };
		689859A1136CDC91001B4204 /* 59.png */ = {isa = PBXFileReference; lastKnownFileType = image.png; path = 59.png; sourceTree = "<group>"; };
		689859A2136CDC91001B4204 /* 6.png */ = {isa = PBXFileReference; lastKnownFileType = image.png; path = 6.png; sourceTree = "<group>"; };
		689859A3136CDC91001B4204 /* 60.png */ = {isa = PBXFileReference; lastKnownFileType = image.png; path = 60.png; sourceTree = "<group>"; };
		689859A4136CDC91001B4204 /* 61.png */ = {isa = PBXFileReference; lastKnownFileType = image.png; path = 61.png; sourceTree = "<group>"; };
		689859A5136CDC91001B4204 /* 62.png */ = {isa = PBXFileReference; lastKnownFileType = image.png; path = 62.png; sourceTree = "<group>"; };
		689859A6136CDC91001B4204 /* 63.png */ = {isa = PBXFileReference; lastKnownFileType = image.png; path = 63.png; sourceTree = "<group>"; };
		689859A7136CDC91001B4204 /* 64.png */ = {isa = PBXFileReference; lastKnownFileType = image.png; path = 64.png; sourceTree = "<group>"; };
		689859A8136CDC91001B4204 /* 65.png */ = {isa = PBXFileReference; lastKnownFileType = image.png; path = 65.png; sourceTree = "<group>"; };
		689859A9136CDC91001B4204 /* 66.png */ = {isa = PBXFileReference; lastKnownFileType = image.png; path = 66.png; sourceTree = "<group>"; };
		689859AA136CDC91001B4204 /* 67.png */ = {isa = PBXFileReference; lastKnownFileType = image.png; path = 67.png; sourceTree = "<group>"; };
		689859AB136CDC91001B4204 /* 68.png */ = {isa = PBXFileReference; lastKnownFileType = image.png; path = 68.png; sourceTree = "<group>"; };
		689859AC136CDC91001B4204 /* 7.png */ = {isa = PBXFileReference; lastKnownFileType = image.png; path = 7.png; sourceTree = "<group>"; };
		689859AD136CDC91001B4204 /* 8.png */ = {isa = PBXFileReference; lastKnownFileType = image.png; path = 8.png; sourceTree = "<group>"; };
		689859AE136CDC91001B4204 /* 9.png */ = {isa = PBXFileReference; lastKnownFileType = image.png; path = 9.png; sourceTree = "<group>"; };
		689EB69B136DAE1C00C8DA1E /* TextViewCell.h */ = {isa = PBXFileReference; fileEncoding = 4; lastKnownFileType = sourcecode.c.h; path = TextViewCell.h; sourceTree = "<group>"; };
		689EB69C136DAE1C00C8DA1E /* TextViewCell.m */ = {isa = PBXFileReference; fileEncoding = 4; lastKnownFileType = sourcecode.c.objc; path = TextViewCell.m; sourceTree = "<group>"; };
		689EB69E136DB4BF00C8DA1E /* TextFieldCell.h */ = {isa = PBXFileReference; fileEncoding = 4; lastKnownFileType = sourcecode.c.h; path = TextFieldCell.h; sourceTree = "<group>"; };
		689EB69F136DB4BF00C8DA1E /* TextFieldCell.m */ = {isa = PBXFileReference; fileEncoding = 4; lastKnownFileType = sourcecode.c.objc; path = TextFieldCell.m; sourceTree = "<group>"; };
		689EB6A1136DC24C00C8DA1E /* EntryViewController.h */ = {isa = PBXFileReference; fileEncoding = 4; lastKnownFileType = sourcecode.c.h; path = EntryViewController.h; sourceTree = "<group>"; };
		689EB6A2136DC24C00C8DA1E /* EntryViewController.m */ = {isa = PBXFileReference; fileEncoding = 4; lastKnownFileType = sourcecode.c.objc; path = EntryViewController.m; sourceTree = "<group>"; };
		68A6C232138014B8006E4867 /* background.png */ = {isa = PBXFileReference; lastKnownFileType = image.png; path = background.png; sourceTree = "<group>"; };
		68A6C233138014B8006E4867 /* background@2x.png */ = {isa = PBXFileReference; lastKnownFileType = image.png; path = "background@2x.png"; sourceTree = "<group>"; };
		68C6BDEC137F10CF0013373A /* SwitchCell.h */ = {isa = PBXFileReference; fileEncoding = 4; lastKnownFileType = sourcecode.c.h; path = SwitchCell.h; sourceTree = "<group>"; };
		68C6BDED137F10CF0013373A /* SwitchCell.m */ = {isa = PBXFileReference; fileEncoding = 4; lastKnownFileType = sourcecode.c.objc; path = SwitchCell.m; sourceTree = "<group>"; };
		68D59005136CB5CB0064CEE5 /* MobileKeePass.app */ = {isa = PBXFileReference; explicitFileType = wrapper.application; includeInIndex = 0; path = MobileKeePass.app; sourceTree = BUILT_PRODUCTS_DIR; };
		68D59009136CB5CB0064CEE5 /* UIKit.framework */ = {isa = PBXFileReference; lastKnownFileType = wrapper.framework; name = UIKit.framework; path = System/Library/Frameworks/UIKit.framework; sourceTree = SDKROOT; };
		68D5900B136CB5CB0064CEE5 /* Foundation.framework */ = {isa = PBXFileReference; lastKnownFileType = wrapper.framework; name = Foundation.framework; path = System/Library/Frameworks/Foundation.framework; sourceTree = SDKROOT; };
		68D5900D136CB5CB0064CEE5 /* CoreGraphics.framework */ = {isa = PBXFileReference; lastKnownFileType = wrapper.framework; name = CoreGraphics.framework; path = System/Library/Frameworks/CoreGraphics.framework; sourceTree = SDKROOT; };
		68D59011136CB5CB0064CEE5 /* MobileKeePass-Info.plist */ = {isa = PBXFileReference; lastKnownFileType = text.plist.xml; path = "MobileKeePass-Info.plist"; sourceTree = "<group>"; };
		68D59013136CB5CB0064CEE5 /* en */ = {isa = PBXFileReference; lastKnownFileType = text.plist.strings; name = en; path = en.lproj/InfoPlist.strings; sourceTree = "<group>"; };
		68D59015136CB5CB0064CEE5 /* MobileKeePass-Prefix.pch */ = {isa = PBXFileReference; lastKnownFileType = sourcecode.c.h; path = "MobileKeePass-Prefix.pch"; sourceTree = "<group>"; };
		68D59016136CB5CB0064CEE5 /* main.m */ = {isa = PBXFileReference; lastKnownFileType = sourcecode.c.objc; path = main.m; sourceTree = "<group>"; };
		68D59018136CB5CB0064CEE5 /* MobileKeePassAppDelegate.h */ = {isa = PBXFileReference; lastKnownFileType = sourcecode.c.h; path = MobileKeePassAppDelegate.h; sourceTree = "<group>"; };
		68D59019136CB5CB0064CEE5 /* MobileKeePassAppDelegate.m */ = {isa = PBXFileReference; lastKnownFileType = sourcecode.c.objc; path = MobileKeePassAppDelegate.m; sourceTree = "<group>"; };
		68D59039136CB7820064CEE5 /* GroupViewController.h */ = {isa = PBXFileReference; fileEncoding = 4; lastKnownFileType = sourcecode.c.h; path = GroupViewController.h; sourceTree = "<group>"; };
		68D5903A136CB7820064CEE5 /* GroupViewController.m */ = {isa = PBXFileReference; fileEncoding = 4; lastKnownFileType = sourcecode.c.objc; path = GroupViewController.m; sourceTree = "<group>"; };
		68DCBB4313795F8600B1C089 /* itunes.html */ = {isa = PBXFileReference; fileEncoding = 4; lastKnownFileType = text.html; path = itunes.html; sourceTree = "<group>"; };
		68DCBB461379621800B1C089 /* dropbox.html */ = {isa = PBXFileReference; fileEncoding = 4; lastKnownFileType = text.html; path = dropbox.html; sourceTree = "<group>"; };
		68DCBB48137965C100B1C089 /* style.css */ = {isa = PBXFileReference; fileEncoding = 4; lastKnownFileType = text.css; path = style.css; sourceTree = "<group>"; };
/* End PBXFileReference section */

/* Begin PBXFrameworksBuildPhase section */
		68D59002136CB5CB0064CEE5 /* Frameworks */ = {
			isa = PBXFrameworksBuildPhase;
			buildActionMask = 2147483647;
			files = (
				68D5900A136CB5CB0064CEE5 /* UIKit.framework in Frameworks */,
				68D5900C136CB5CB0064CEE5 /* Foundation.framework in Frameworks */,
				68D5900E136CB5CB0064CEE5 /* CoreGraphics.framework in Frameworks */,
				687366EE137399360053CCA3 /* Security.framework in Frameworks */,
				52B36F851370A46E00C19BF8 /* AudioToolbox.framework in Frameworks */,
				689675BE1379DFD8006BC268 /* libxml2.dylib in Frameworks */,
				689675C01379ECD6006BC268 /* libz.dylib in Frameworks */,
			);
			runOnlyForDeploymentPostprocessing = 0;
		};
/* End PBXFrameworksBuildPhase section */

/* Begin PBXGroup section */
		525B6515137062F7001883BB /* Cells */ = {
			isa = PBXGroup;
			children = (
				68964208137F325D001B87A4 /* ButtonCell.h */,
				68964209137F325D001B87A4 /* ButtonCell.m */,
				68964204137F2549001B87A4 /* ChoiceCell.h */,
				68964205137F2549001B87A4 /* ChoiceCell.m */,
				689EB69B136DAE1C00C8DA1E /* TextViewCell.h */,
				689EB69C136DAE1C00C8DA1E /* TextViewCell.m */,
				689EB69E136DB4BF00C8DA1E /* TextFieldCell.h */,
				689EB69F136DB4BF00C8DA1E /* TextFieldCell.m */,
				68132637136F8B79004F4864 /* PasswordFieldCell.h */,
				68132638136F8B79004F4864 /* PasswordFieldCell.m */,
				68C6BDEC137F10CF0013373A /* SwitchCell.h */,
				68C6BDED137F10CF0013373A /* SwitchCell.m */,
				6813262C136F7BA7004F4864 /* UrlFieldCell.h */,
				6813262D136F7BA7004F4864 /* UrlFieldCell.m */,
			);
			name = Cells;
			sourceTree = "<group>";
		};
		687366E91373979A0053CCA3 /* Security */ = {
			isa = PBXGroup;
			children = (
				687366EA1373979A0053CCA3 /* SFHFKeychainUtils.h */,
				687366EB1373979A0053CCA3 /* SFHFKeychainUtils.m */,
			);
			path = Security;
			sourceTree = "<group>";
		};
		688D6339137B63AB00BF3FAB /* Samples */ = {
			isa = PBXGroup;
			children = (
				688D633A137B63AB00BF3FAB /* sample.1.00.kdb */,
				688D633B137B63AB00BF3FAB /* sample.1.01.kdb */,
				688D633C137B63AB00BF3FAB /* sample.1.02.kdb */,
				688D633D137B63AB00BF3FAB /* sample.1.03.kdb */,
				688D633E137B63AB00BF3FAB /* sample.1.04.kdb */,
				688D633F137B63AB00BF3FAB /* sample.1.05.kdb */,
				688D6340137B63AB00BF3FAB /* sample.1.06.kdb */,
				688D6341137B63AB00BF3FAB /* sample.1.07.kdb */,
				688D6342137B63AB00BF3FAB /* sample.1.08.kdb */,
				688D6343137B63AB00BF3FAB /* sample.1.09.kdb */,
				688D6344137B63AB00BF3FAB /* sample.1.10.kdb */,
				688D6345137B63AB00BF3FAB /* sample.1.11.kdb */,
				688D6346137B63AB00BF3FAB /* sample.1.12.kdb */,
				688D6347137B63AB00BF3FAB /* sample.1.13.kdb */,
				688D6348137B63AB00BF3FAB /* sample.1.14.kdb */,
				688D6349137B63AB00BF3FAB /* sample.1.15.kdb */,
				688D634A137B63AB00BF3FAB /* sample.1.16.kdb */,
				688D634B137B63AB00BF3FAB /* sample.1.17.kdb */,
				688D634C137B63AB00BF3FAB /* sample.1.18.kdb */,
				688D634D137B63AB00BF3FAB /* sample.1.19b.kdb */,
				688D634E137B63AB00BF3FAB /* sample.2.01.kdbx */,
				688D634F137B63AB00BF3FAB /* sample.2.02.kdbx */,
				688D6350137B63AB00BF3FAB /* sample.2.03.kdbx */,
				688D6351137B63AB00BF3FAB /* sample.2.04.kdbx */,
				688D6352137B63AB00BF3FAB /* sample.2.05.kdbx */,
				688D6353137B63AB00BF3FAB /* sample.2.06.kdbx */,
				688D6354137B63AB00BF3FAB /* sample.2.07.kdbx */,
				688D6355137B63AB00BF3FAB /* sample.2.08.kdbx */,
				688D6356137B63AB00BF3FAB /* sample.2.09.kdbx */,
				688D6357137B63AB00BF3FAB /* sample.2.10.kdbx */,
				688D6358137B63AB00BF3FAB /* sample.2.11.kdbx */,
				688D6359137B63AB00BF3FAB /* sample.2.12.kdbx */,
				688D635A137B63AB00BF3FAB /* sample.2.13.kdbx */,
				688D635B137B63AB00BF3FAB /* sample.2.14.kdbx */,
				688D635C137B63AB00BF3FAB /* sample.2.15.kdbx */,
			);
			path = Samples;
			sourceTree = "<group>";
		};
		689675461379DCE5006BC268 /* KeePassLib */ = {
			isa = PBXGroup;
			children = (
				689675481379DCE5006BC268 /* AESDecryptSource.h */,
				689675491379DCE5006BC268 /* AESDecryptSource.m */,
				6896754A1379DCE5006BC268 /* AESEncryptSource.h */,
				6896754B1379DCE5006BC268 /* AESEncryptSource.m */,
				6896754E1379DCE5006BC268 /* Arc4RandomStream.h */,
				6896754F1379DCE5006BC268 /* Arc4RandomStream.m */,
				689675501379DCE5006BC268 /* Base64.h */,
				689675511379DCE5006BC268 /* Base64.m */,
				689675541379DCE5006BC268 /* BinaryContainer.h */,
				689675551379DCE5006BC268 /* BinaryContainer.m */,
				689675561379DCE5006BC268 /* ByteBuffer.h */,
				689675571379DCE5006BC268 /* ByteBuffer.m */,
				689675581379DCE5006BC268 /* DataSource.h */,
				6896755D1379DCE5006BC268 /* GZipInputData.h */,
				6896755E1379DCE5006BC268 /* GZipInputData.m */,
				6896755F1379DCE5006BC268 /* HashedInputData.h */,
				689675601379DCE5006BC268 /* HashedInputData.m */,
				689675611379DCE5006BC268 /* Kdb.h */,
				689675621379DCE5006BC268 /* Kdb3Date.h */,
				689675631379DCE5006BC268 /* Kdb3Date.m */,
				689675641379DCE5006BC268 /* Kdb3Node.h */,
				689675651379DCE5006BC268 /* Kdb3Node.m */,
				689675661379DCE5006BC268 /* Kdb3Parser.h */,
				689675671379DCE5006BC268 /* Kdb3Parser.m */,
				689675681379DCE5006BC268 /* Kdb3Persist.h */,
				689675691379DCE5006BC268 /* Kdb3Persist.m */,
				6896756A1379DCE5006BC268 /* Kdb3Reader.h */,
				6896756B1379DCE5006BC268 /* Kdb3Reader.m */,
				6896756E1379DCE5006BC268 /* Kdb3Writer.h */,
				6896756F1379DCE5006BC268 /* Kdb3Writer.m */,
				689675701379DCE5006BC268 /* Kdb4Node.h */,
				689675711379DCE5006BC268 /* Kdb4Node.m */,
				689675721379DCE5006BC268 /* Kdb4Parser.h */,
				689675731379DCE5006BC268 /* Kdb4Parser.m */,
				689675741379DCE5006BC268 /* Kdb4Reader.h */,
				689675751379DCE5006BC268 /* Kdb4Reader.m */,
				689675781379DCE5006BC268 /* KdbLib.h */,
				689675791379DCE5006BC268 /* KdbPassword.h */,
				6896757A1379DCE5006BC268 /* KdbPassword.m */,
				6896757B1379DCE5006BC268 /* KdbReader.h */,
				6896757C1379DCE5006BC268 /* KdbReaderFactory.h */,
				6896757D1379DCE5006BC268 /* KdbReaderFactory.m */,
				689675821379DCE5006BC268 /* Node.h */,
				689675831379DCE5006BC268 /* Node.m */,
				689675861379DCE5006BC268 /* RandomStream.h */,
				6896758A1379DCE5006BC268 /* Salsa20RandomStream.h */,
				6896758B1379DCE5006BC268 /* Salsa20RandomStream.m */,
				6896758C1379DCE5006BC268 /* Stack.h */,
				6896758D1379DCE5006BC268 /* Stack.m */,
				6896758E1379DCE5006BC268 /* Tree.h */,
				6896758F1379DCE5006BC268 /* Tree.m */,
				689675901379DCE5006BC268 /* Utils.h */,
				689675911379DCE5006BC268 /* Utils.m */,
				689675921379DCE5006BC268 /* UUID.h */,
				689675931379DCE5006BC268 /* UUID.m */,
				689675941379DCE5006BC268 /* WrapperNSData.h */,
				689675951379DCE5006BC268 /* WrapperNSData.m */,
			);
			path = KeePassLib;
			sourceTree = "<group>";
		};
		68985969136CDC91001B4204 /* images */ = {
			isa = PBXGroup;
			children = (
				68A6C232138014B8006E4867 /* background.png */,
				68A6C233138014B8006E4867 /* background@2x.png */,
				52644C951370915400A58D92 /* box.png */,
				52644C961370915400A58D92 /* box@2x.png */,
				688231DE13806D270046B00D /* tab_files.png */,
				688231DF13806D270046B00D /* tab_files@2x.png */,
				688231E013806D270046B00D /* tab_gear.png */,
				688231E113806D270046B00D /* tab_gear@2x.png */,
				688231E413806D270046B00D /* tab_search.png */,
				688231E513806D270046B00D /* tab_search@2x.png */,
				6898596A136CDC91001B4204 /* 0.png */,
				6898596B136CDC91001B4204 /* 1.png */,
				68985976136CDC91001B4204 /* 2.png */,
				68985981136CDC91001B4204 /* 3.png */,
				6898598C136CDC91001B4204 /* 4.png */,
				68985997136CDC91001B4204 /* 5.png */,
				689859A2136CDC91001B4204 /* 6.png */,
				689859AC136CDC91001B4204 /* 7.png */,
				689859AD136CDC91001B4204 /* 8.png */,
				689859AE136CDC91001B4204 /* 9.png */,
				6898596C136CDC91001B4204 /* 10.png */,
				6898596D136CDC91001B4204 /* 11.png */,
				6898596E136CDC91001B4204 /* 12.png */,
				6898596F136CDC91001B4204 /* 13.png */,
				68985970136CDC91001B4204 /* 14.png */,
				68985971136CDC91001B4204 /* 15.png */,
				68985972136CDC91001B4204 /* 16.png */,
				68985973136CDC91001B4204 /* 17.png */,
				68985974136CDC91001B4204 /* 18.png */,
				68985975136CDC91001B4204 /* 19.png */,
				68985977136CDC91001B4204 /* 20.png */,
				68985978136CDC91001B4204 /* 21.png */,
				68985979136CDC91001B4204 /* 22.png */,
				6898597A136CDC91001B4204 /* 23.png */,
				6898597B136CDC91001B4204 /* 24.png */,
				6898597C136CDC91001B4204 /* 25.png */,
				6898597D136CDC91001B4204 /* 26.png */,
				6898597E136CDC91001B4204 /* 27.png */,
				6898597F136CDC91001B4204 /* 28.png */,
				68985980136CDC91001B4204 /* 29.png */,
				68985982136CDC91001B4204 /* 30.png */,
				68985983136CDC91001B4204 /* 31.png */,
				68985984136CDC91001B4204 /* 32.png */,
				68985985136CDC91001B4204 /* 33.png */,
				68985986136CDC91001B4204 /* 34.png */,
				68985987136CDC91001B4204 /* 35.png */,
				68985988136CDC91001B4204 /* 36.png */,
				68985989136CDC91001B4204 /* 37.png */,
				6898598A136CDC91001B4204 /* 38.png */,
				6898598B136CDC91001B4204 /* 39.png */,
				6898598D136CDC91001B4204 /* 40.png */,
				6898598E136CDC91001B4204 /* 41.png */,
				6898598F136CDC91001B4204 /* 42.png */,
				68985990136CDC91001B4204 /* 43.png */,
				68985991136CDC91001B4204 /* 44.png */,
				68985992136CDC91001B4204 /* 45.png */,
				68985993136CDC91001B4204 /* 46.png */,
				68985994136CDC91001B4204 /* 47.png */,
				68985995136CDC91001B4204 /* 48.png */,
				68985996136CDC91001B4204 /* 49.png */,
				68985998136CDC91001B4204 /* 50.png */,
				68985999136CDC91001B4204 /* 51.png */,
				6898599A136CDC91001B4204 /* 52.png */,
				6898599B136CDC91001B4204 /* 53.png */,
				6898599C136CDC91001B4204 /* 54.png */,
				6898599D136CDC91001B4204 /* 55.png */,
				6898599E136CDC91001B4204 /* 56.png */,
				6898599F136CDC91001B4204 /* 57.png */,
				689859A0136CDC91001B4204 /* 58.png */,
				689859A1136CDC91001B4204 /* 59.png */,
				689859A3136CDC91001B4204 /* 60.png */,
				689859A4136CDC91001B4204 /* 61.png */,
				689859A5136CDC91001B4204 /* 62.png */,
				689859A6136CDC91001B4204 /* 63.png */,
				689859A7136CDC91001B4204 /* 64.png */,
				689859A8136CDC91001B4204 /* 65.png */,
				689859A9136CDC91001B4204 /* 66.png */,
				689859AA136CDC91001B4204 /* 67.png */,
				689859AB136CDC91001B4204 /* 68.png */,
			);
			path = images;
			sourceTree = "<group>";
		};
		68D58FFA136CB5CB0064CEE5 = {
			isa = PBXGroup;
			children = (
				6805EBD413764A5F00340C02 /* LICENSE.txt */,
				6805EBD1137648B800340C02 /* README.md */,
				68D5900F136CB5CB0064CEE5 /* MobileKeePass */,
				689675461379DCE5006BC268 /* KeePassLib */,
				687366E91373979A0053CCA3 /* Security */,
				68D5903C136CB8300064CEE5 /* Resources */,
				68D59008136CB5CB0064CEE5 /* Frameworks */,
				68D59006136CB5CB0064CEE5 /* Products */,
				688D6339137B63AB00BF3FAB /* Samples */,
			);
			sourceTree = "<group>";
		};
		68D59006136CB5CB0064CEE5 /* Products */ = {
			isa = PBXGroup;
			children = (
				68D59005136CB5CB0064CEE5 /* MobileKeePass.app */,
			);
			name = Products;
			sourceTree = "<group>";
		};
		68D59008136CB5CB0064CEE5 /* Frameworks */ = {
			isa = PBXGroup;
			children = (
				68D5900B136CB5CB0064CEE5 /* Foundation.framework */,
				68D5900D136CB5CB0064CEE5 /* CoreGraphics.framework */,
				68D59009136CB5CB0064CEE5 /* UIKit.framework */,
				52B36F841370A46E00C19BF8 /* AudioToolbox.framework */,
				687366ED137399360053CCA3 /* Security.framework */,
				689675BD1379DFD8006BC268 /* libxml2.dylib */,
				689675BF1379ECD6006BC268 /* libz.dylib */,
			);
			name = Frameworks;
			sourceTree = "<group>";
		};
		68D5900F136CB5CB0064CEE5 /* MobileKeePass */ = {
			isa = PBXGroup;
			children = (
				68D59018136CB5CB0064CEE5 /* MobileKeePassAppDelegate.h */,
				68D59019136CB5CB0064CEE5 /* MobileKeePassAppDelegate.m */,
				523232A4136F128300692CEA /* DatabaseDocument.h */,
				523232A5136F128300692CEA /* DatabaseDocument.m */,
				688D47731378DF9400BEE609 /* DatabaseManager.h */,
				688D47741378DF9400BEE609 /* DatabaseManager.m */,
				689EB6A1136DC24C00C8DA1E /* EntryViewController.h */,
				689EB6A2136DC24C00C8DA1E /* EntryViewController.m */,
				685985F21377412D0004414C /* FilesHelpView.h */,
				685985F31377412E0004414C /* FilesHelpView.m */,
				6872F028137746D0008E55B9 /* FilesViewController.h */,
				6872F029137746D0008E55B9 /* FilesViewController.m */,
				68D59039136CB7820064CEE5 /* GroupViewController.h */,
				68D5903A136CB7820064CEE5 /* GroupViewController.m */,
				523232A6136F128300692CEA /* PasswordEntryController.h */,
				523232A7136F128300692CEA /* PasswordEntryController.m */,
				52644C991370954700A58D92 /* PinTextField.h */,
				52644C9A1370954700A58D92 /* PinTextField.m */,
				52644C91137088E800A58D92 /* PinViewController.h */,
				52644C92137088E800A58D92 /* PinViewController.m */,
				688231DA138046FC0046B00D /* SearchViewController.h */,
				688231DB138046FC0046B00D /* SearchViewController.m */,
				688F3FB31377805C0049808C /* SelectionListViewController.h */,
				688F3FB41377805C0049808C /* SelectionListViewController.m */,
				52F42CF213747BE10074E5D5 /* SettingsViewController.h */,
				52F42CF313747BE10074E5D5 /* SettingsViewController.m */,
				525B6515137062F7001883BB /* Cells */,
				68D59010136CB5CB0064CEE5 /* Supporting Files */,
			);
			path = MobileKeePass;
			sourceTree = "<group>";
		};
		68D59010136CB5CB0064CEE5 /* Supporting Files */ = {
			isa = PBXGroup;
			children = (
				68D59016136CB5CB0064CEE5 /* main.m */,
				68D59012136CB5CB0064CEE5 /* InfoPlist.strings */,
				68D59011136CB5CB0064CEE5 /* MobileKeePass-Info.plist */,
				68D59015136CB5CB0064CEE5 /* MobileKeePass-Prefix.pch */,
				688E68F4136F761500004216 /* Settings.bundle */,
			);
			name = "Supporting Files";
			sourceTree = "<group>";
		};
		68D5903C136CB8300064CEE5 /* Resources */ = {
			isa = PBXGroup;
			children = (
				5269AB011379F84500517316 /* Default@2x.png */,
				5269AAFF1379F7A900517316 /* Default.png */,
				523FBD7C1373C05E004575FB /* icon.png */,
				523FBD6213736834004575FB /* icon@2x.png */,
				68985969136CDC91001B4204 /* images */,
				68DCBB4213795F8600B1C089 /* help */,
			);
			name = Resources;
			sourceTree = "<group>";
		};
		68DCBB4213795F8600B1C089 /* help */ = {
			isa = PBXGroup;
			children = (
				68DCBB4313795F8600B1C089 /* itunes.html */,
				68DCBB461379621800B1C089 /* dropbox.html */,
				68DCBB48137965C100B1C089 /* style.css */,
			);
			path = help;
			sourceTree = "<group>";
		};
/* End PBXGroup section */

/* Begin PBXNativeTarget section */
		68D59004136CB5CB0064CEE5 /* MobileKeePass */ = {
			isa = PBXNativeTarget;
			buildConfigurationList = 68D59020136CB5CB0064CEE5 /* Build configuration list for PBXNativeTarget "MobileKeePass" */;
			buildPhases = (
				68D59001136CB5CB0064CEE5 /* Sources */,
				68D59002136CB5CB0064CEE5 /* Frameworks */,
				68D59003136CB5CB0064CEE5 /* Resources */,
			);
			buildRules = (
			);
			dependencies = (
			);
			name = MobileKeePass;
			productName = MobileKeePass;
			productReference = 68D59005136CB5CB0064CEE5 /* MobileKeePass.app */;
			productType = "com.apple.product-type.application";
		};
/* End PBXNativeTarget section */

/* Begin PBXProject section */
		68D58FFC136CB5CB0064CEE5 /* Project object */ = {
			isa = PBXProject;
			attributes = {
				ORGANIZATIONNAME = Self;
			};
			buildConfigurationList = 68D58FFF136CB5CB0064CEE5 /* Build configuration list for PBXProject "MobileKeePass" */;
			compatibilityVersion = "Xcode 3.2";
			developmentRegion = English;
			hasScannedForEncodings = 0;
			knownRegions = (
				en,
			);
			mainGroup = 68D58FFA136CB5CB0064CEE5;
			productRefGroup = 68D59006136CB5CB0064CEE5 /* Products */;
			projectDirPath = "";
			projectRoot = "";
			targets = (
				68D59004136CB5CB0064CEE5 /* MobileKeePass */,
			);
		};
/* End PBXProject section */

/* Begin PBXResourcesBuildPhase section */
		68D59003136CB5CB0064CEE5 /* Resources */ = {
			isa = PBXResourcesBuildPhase;
			buildActionMask = 2147483647;
			files = (
				68D59014136CB5CB0064CEE5 /* InfoPlist.strings in Resources */,
				689859B1136CDC91001B4204 /* 0.png in Resources */,
				689859B2136CDC91001B4204 /* 1.png in Resources */,
				689859B3136CDC91001B4204 /* 10.png in Resources */,
				689859B4136CDC91001B4204 /* 11.png in Resources */,
				689859B5136CDC91001B4204 /* 12.png in Resources */,
				689859B6136CDC91001B4204 /* 13.png in Resources */,
				689859B7136CDC91001B4204 /* 14.png in Resources */,
				689859B8136CDC91001B4204 /* 15.png in Resources */,
				689859B9136CDC91001B4204 /* 16.png in Resources */,
				689859BA136CDC91001B4204 /* 17.png in Resources */,
				689859BB136CDC91001B4204 /* 18.png in Resources */,
				689859BC136CDC91001B4204 /* 19.png in Resources */,
				689859BD136CDC91001B4204 /* 2.png in Resources */,
				689859BE136CDC91001B4204 /* 20.png in Resources */,
				689859BF136CDC91001B4204 /* 21.png in Resources */,
				689859C0136CDC91001B4204 /* 22.png in Resources */,
				689859C1136CDC91001B4204 /* 23.png in Resources */,
				689859C2136CDC91001B4204 /* 24.png in Resources */,
				689859C3136CDC91001B4204 /* 25.png in Resources */,
				689859C4136CDC91001B4204 /* 26.png in Resources */,
				689859C5136CDC91001B4204 /* 27.png in Resources */,
				689859C6136CDC91001B4204 /* 28.png in Resources */,
				689859C7136CDC91001B4204 /* 29.png in Resources */,
				689859C8136CDC91001B4204 /* 3.png in Resources */,
				689859C9136CDC91001B4204 /* 30.png in Resources */,
				689859CA136CDC91001B4204 /* 31.png in Resources */,
				689859CB136CDC91001B4204 /* 32.png in Resources */,
				689859CC136CDC91001B4204 /* 33.png in Resources */,
				689859CD136CDC91001B4204 /* 34.png in Resources */,
				689859CE136CDC91001B4204 /* 35.png in Resources */,
				689859CF136CDC91001B4204 /* 36.png in Resources */,
				689859D0136CDC91001B4204 /* 37.png in Resources */,
				689859D1136CDC91001B4204 /* 38.png in Resources */,
				689859D2136CDC91001B4204 /* 39.png in Resources */,
				689859D3136CDC91001B4204 /* 4.png in Resources */,
				689859D4136CDC91001B4204 /* 40.png in Resources */,
				689859D5136CDC91001B4204 /* 41.png in Resources */,
				689859D6136CDC91001B4204 /* 42.png in Resources */,
				689859D7136CDC91001B4204 /* 43.png in Resources */,
				689859D8136CDC91001B4204 /* 44.png in Resources */,
				689859D9136CDC91001B4204 /* 45.png in Resources */,
				689859DA136CDC91001B4204 /* 46.png in Resources */,
				689859DB136CDC91001B4204 /* 47.png in Resources */,
				689859DC136CDC91001B4204 /* 48.png in Resources */,
				689859DD136CDC91001B4204 /* 49.png in Resources */,
				689859DE136CDC91001B4204 /* 5.png in Resources */,
				689859DF136CDC91001B4204 /* 50.png in Resources */,
				689859E0136CDC91001B4204 /* 51.png in Resources */,
				689859E1136CDC91001B4204 /* 52.png in Resources */,
				689859E2136CDC91001B4204 /* 53.png in Resources */,
				689859E3136CDC91001B4204 /* 54.png in Resources */,
				689859E4136CDC91001B4204 /* 55.png in Resources */,
				689859E5136CDC91001B4204 /* 56.png in Resources */,
				689859E6136CDC91001B4204 /* 57.png in Resources */,
				689859E7136CDC91001B4204 /* 58.png in Resources */,
				689859E8136CDC91001B4204 /* 59.png in Resources */,
				689859E9136CDC91001B4204 /* 6.png in Resources */,
				689859EA136CDC91001B4204 /* 60.png in Resources */,
				689859EB136CDC91001B4204 /* 61.png in Resources */,
				689859EC136CDC91001B4204 /* 62.png in Resources */,
				689859ED136CDC91001B4204 /* 63.png in Resources */,
				689859EE136CDC91001B4204 /* 64.png in Resources */,
				689859EF136CDC91001B4204 /* 65.png in Resources */,
				689859F0136CDC91001B4204 /* 66.png in Resources */,
				689859F1136CDC91001B4204 /* 67.png in Resources */,
				689859F2136CDC91001B4204 /* 68.png in Resources */,
				689859F3136CDC91001B4204 /* 7.png in Resources */,
				689859F4136CDC91001B4204 /* 8.png in Resources */,
				689859F5136CDC91001B4204 /* 9.png in Resources */,
				688E68F5136F761500004216 /* Settings.bundle in Resources */,
				52644C971370915400A58D92 /* box.png in Resources */,
				52644C981370915400A58D92 /* box@2x.png in Resources */,
				523FBD6413736834004575FB /* icon@2x.png in Resources */,
				523FBD7D1373C05E004575FB /* icon.png in Resources */,
				6805EBD2137648B800340C02 /* README.md in Resources */,
				6805EBD513764A5F00340C02 /* LICENSE.txt in Resources */,
				68DCBB4413795F8600B1C089 /* itunes.html in Resources */,
				68DCBB471379621800B1C089 /* dropbox.html in Resources */,
				68DCBB49137965C100B1C089 /* style.css in Resources */,
				5269AB001379F7A900517316 /* Default.png in Resources */,
				5269AB021379F84500517316 /* Default@2x.png in Resources */,
				688D635D137B63AB00BF3FAB /* sample.1.00.kdb in Resources */,
				688D635E137B63AB00BF3FAB /* sample.1.01.kdb in Resources */,
				688D635F137B63AB00BF3FAB /* sample.1.02.kdb in Resources */,
				688D6360137B63AB00BF3FAB /* sample.1.03.kdb in Resources */,
				688D6361137B63AB00BF3FAB /* sample.1.04.kdb in Resources */,
				688D6362137B63AB00BF3FAB /* sample.1.05.kdb in Resources */,
				688D6363137B63AB00BF3FAB /* sample.1.06.kdb in Resources */,
				688D6364137B63AB00BF3FAB /* sample.1.07.kdb in Resources */,
				688D6365137B63AB00BF3FAB /* sample.1.08.kdb in Resources */,
				688D6366137B63AB00BF3FAB /* sample.1.09.kdb in Resources */,
				688D6367137B63AB00BF3FAB /* sample.1.10.kdb in Resources */,
				688D6368137B63AB00BF3FAB /* sample.1.11.kdb in Resources */,
				688D6369137B63AB00BF3FAB /* sample.1.12.kdb in Resources */,
				688D636A137B63AB00BF3FAB /* sample.1.13.kdb in Resources */,
				688D636B137B63AB00BF3FAB /* sample.1.14.kdb in Resources */,
				688D636C137B63AB00BF3FAB /* sample.1.15.kdb in Resources */,
				688D636D137B63AB00BF3FAB /* sample.1.16.kdb in Resources */,
				688D636E137B63AB00BF3FAB /* sample.1.17.kdb in Resources */,
				688D636F137B63AB00BF3FAB /* sample.1.18.kdb in Resources */,
				688D6370137B63AB00BF3FAB /* sample.1.19b.kdb in Resources */,
				688D6371137B63AB00BF3FAB /* sample.2.01.kdbx in Resources */,
				688D6372137B63AB00BF3FAB /* sample.2.02.kdbx in Resources */,
				688D6373137B63AB00BF3FAB /* sample.2.03.kdbx in Resources */,
				688D6374137B63AB00BF3FAB /* sample.2.04.kdbx in Resources */,
				688D6375137B63AB00BF3FAB /* sample.2.05.kdbx in Resources */,
				688D6376137B63AB00BF3FAB /* sample.2.06.kdbx in Resources */,
				688D6377137B63AB00BF3FAB /* sample.2.07.kdbx in Resources */,
				688D6378137B63AB00BF3FAB /* sample.2.08.kdbx in Resources */,
				688D6379137B63AB00BF3FAB /* sample.2.09.kdbx in Resources */,
				688D637A137B63AB00BF3FAB /* sample.2.10.kdbx in Resources */,
				688D637B137B63AB00BF3FAB /* sample.2.11.kdbx in Resources */,
				688D637C137B63AB00BF3FAB /* sample.2.12.kdbx in Resources */,
				688D637D137B63AB00BF3FAB /* sample.2.13.kdbx in Resources */,
				688D637E137B63AB00BF3FAB /* sample.2.14.kdbx in Resources */,
				688D637F137B63AB00BF3FAB /* sample.2.15.kdbx in Resources */,
				68A6C234138014B8006E4867 /* background.png in Resources */,
				68A6C235138014B8006E4867 /* background@2x.png in Resources */,
				688231E613806D270046B00D /* tab_files.png in Resources */,
				688231E713806D270046B00D /* tab_files@2x.png in Resources */,
				688231E813806D270046B00D /* tab_gear.png in Resources */,
				688231E913806D270046B00D /* tab_gear@2x.png in Resources */,
				688231EC13806D270046B00D /* tab_search.png in Resources */,
				688231ED13806D270046B00D /* tab_search@2x.png in Resources */,
			);
			runOnlyForDeploymentPostprocessing = 0;
		};
/* End PBXResourcesBuildPhase section */

/* Begin PBXSourcesBuildPhase section */
		68D59001136CB5CB0064CEE5 /* Sources */ = {
			isa = PBXSourcesBuildPhase;
			buildActionMask = 2147483647;
			files = (
				68D59017136CB5CB0064CEE5 /* main.m in Sources */,
				68D5901A136CB5CB0064CEE5 /* MobileKeePassAppDelegate.m in Sources */,
				68D5903B136CB7820064CEE5 /* GroupViewController.m in Sources */,
				689EB69D136DAE1C00C8DA1E /* TextViewCell.m in Sources */,
				689EB6A0136DB4BF00C8DA1E /* TextFieldCell.m in Sources */,
				689EB6A3136DC24C00C8DA1E /* EntryViewController.m in Sources */,
				523232A8136F128300692CEA /* DatabaseDocument.m in Sources */,
				523232A9136F128300692CEA /* PasswordEntryController.m in Sources */,
				6813262E136F7BA7004F4864 /* UrlFieldCell.m in Sources */,
				68132639136F8B79004F4864 /* PasswordFieldCell.m in Sources */,
				52644C93137088E800A58D92 /* PinViewController.m in Sources */,
				52644C9B1370954700A58D92 /* PinTextField.m in Sources */,
				687366EC1373979A0053CCA3 /* SFHFKeychainUtils.m in Sources */,
				52F42CF413747BE20074E5D5 /* SettingsViewController.m in Sources */,
				685985F41377412E0004414C /* FilesHelpView.m in Sources */,
				6872F02A137746D0008E55B9 /* FilesViewController.m in Sources */,
				688F3FB51377805C0049808C /* SelectionListViewController.m in Sources */,
				688D47751378DF9400BEE609 /* DatabaseManager.m in Sources */,
				689675971379DCE6006BC268 /* AESDecryptSource.m in Sources */,
				689675981379DCE6006BC268 /* AESEncryptSource.m in Sources */,
				6896759A1379DCE6006BC268 /* Arc4RandomStream.m in Sources */,
				6896759B1379DCE6006BC268 /* Base64.m in Sources */,
				6896759D1379DCE6006BC268 /* BinaryContainer.m in Sources */,
				6896759E1379DCE6006BC268 /* ByteBuffer.m in Sources */,
				689675A11379DCE6006BC268 /* GZipInputData.m in Sources */,
				689675A21379DCE6006BC268 /* HashedInputData.m in Sources */,
				689675A31379DCE6006BC268 /* Kdb3Date.m in Sources */,
				689675A41379DCE6006BC268 /* Kdb3Node.m in Sources */,
				689675A51379DCE6006BC268 /* Kdb3Parser.m in Sources */,
				689675A61379DCE6006BC268 /* Kdb3Persist.m in Sources */,
				689675A71379DCE6006BC268 /* Kdb3Reader.m in Sources */,
				689675A91379DCE6006BC268 /* Kdb3Writer.m in Sources */,
				689675AA1379DCE6006BC268 /* Kdb4Node.m in Sources */,
				689675AB1379DCE6006BC268 /* Kdb4Parser.m in Sources */,
				689675AC1379DCE6006BC268 /* Kdb4Reader.m in Sources */,
				689675AE1379DCE6006BC268 /* KdbPassword.m in Sources */,
				689675AF1379DCE6006BC268 /* KdbReaderFactory.m in Sources */,
				689675B21379DCE6006BC268 /* Node.m in Sources */,
				689675B61379DCE6006BC268 /* Salsa20RandomStream.m in Sources */,
				689675B71379DCE6006BC268 /* Stack.m in Sources */,
				689675B81379DCE6006BC268 /* Tree.m in Sources */,
				689675B91379DCE6006BC268 /* Utils.m in Sources */,
				689675BA1379DCE6006BC268 /* UUID.m in Sources */,
				689675BB1379DCE6006BC268 /* WrapperNSData.m in Sources */,
				68C6BDEE137F10CF0013373A /* SwitchCell.m in Sources */,
				68964206137F2549001B87A4 /* ChoiceCell.m in Sources */,
				6896420A137F325E001B87A4 /* ButtonCell.m in Sources */,
				688231DC138046FC0046B00D /* SearchViewController.m in Sources */,
			);
			runOnlyForDeploymentPostprocessing = 0;
		};
/* End PBXSourcesBuildPhase section */

/* Begin PBXVariantGroup section */
		68D59012136CB5CB0064CEE5 /* InfoPlist.strings */ = {
			isa = PBXVariantGroup;
			children = (
				68D59013136CB5CB0064CEE5 /* en */,
			);
			name = InfoPlist.strings;
			sourceTree = "<group>";
		};
/* End PBXVariantGroup section */

/* Begin XCBuildConfiguration section */
		68D5901E136CB5CB0064CEE5 /* Debug */ = {
			isa = XCBuildConfiguration;
			buildSettings = {
				ARCHS = "$(ARCHS_STANDARD_32_BIT)";
				"CODE_SIGN_IDENTITY[sdk=iphoneos*]" = "iPhone Developer";
				GCC_C_LANGUAGE_STANDARD = gnu99;
				GCC_OPTIMIZATION_LEVEL = 0;
				GCC_PREPROCESSOR_DEFINITIONS = DEBUG;
				GCC_SYMBOLS_PRIVATE_EXTERN = NO;
				GCC_VERSION = com.apple.compilers.llvmgcc42;
				GCC_WARN_ABOUT_RETURN_TYPE = YES;
				GCC_WARN_UNUSED_VARIABLE = YES;
				IPHONEOS_DEPLOYMENT_TARGET = 4.3;
				SDKROOT = iphoneos;
			};
			name = Debug;
		};
		68D5901F136CB5CB0064CEE5 /* Release */ = {
			isa = XCBuildConfiguration;
			buildSettings = {
				ARCHS = "$(ARCHS_STANDARD_32_BIT)";
				"CODE_SIGN_IDENTITY[sdk=iphoneos*]" = "iPhone Developer";
				GCC_C_LANGUAGE_STANDARD = gnu99;
				GCC_VERSION = com.apple.compilers.llvmgcc42;
				GCC_WARN_ABOUT_RETURN_TYPE = YES;
				GCC_WARN_UNUSED_VARIABLE = YES;
				IPHONEOS_DEPLOYMENT_TARGET = 4.3;
				OTHER_CFLAGS = "-DNS_BLOCK_ASSERTIONS=1";
				SDKROOT = iphoneos;
			};
			name = Release;
		};
		68D59021136CB5CB0064CEE5 /* Debug */ = {
			isa = XCBuildConfiguration;
			buildSettings = {
				ALWAYS_SEARCH_USER_PATHS = NO;
				COPY_PHASE_STRIP = NO;
				GCC_DYNAMIC_NO_PIC = NO;
				GCC_PRECOMPILE_PREFIX_HEADER = YES;
				GCC_PREFIX_HEADER = "MobileKeePass/MobileKeePass-Prefix.pch";
				HEADER_SEARCH_PATHS = /usr/include/libxml2;
				INFOPLIST_FILE = "MobileKeePass/MobileKeePass-Info.plist";
				PRODUCT_NAME = "$(TARGET_NAME)";
				WRAPPER_EXTENSION = app;
			};
			name = Debug;
		};
		68D59022136CB5CB0064CEE5 /* Release */ = {
			isa = XCBuildConfiguration;
			buildSettings = {
				ALWAYS_SEARCH_USER_PATHS = NO;
				COPY_PHASE_STRIP = YES;
				GCC_PRECOMPILE_PREFIX_HEADER = YES;
				GCC_PREFIX_HEADER = "MobileKeePass/MobileKeePass-Prefix.pch";
				HEADER_SEARCH_PATHS = /usr/include/libxml2;
				INFOPLIST_FILE = "MobileKeePass/MobileKeePass-Info.plist";
				PRODUCT_NAME = "$(TARGET_NAME)";
				VALIDATE_PRODUCT = YES;
				WRAPPER_EXTENSION = app;
			};
			name = Release;
		};
/* End XCBuildConfiguration section */

/* Begin XCConfigurationList section */
		68D58FFF136CB5CB0064CEE5 /* Build configuration list for PBXProject "MobileKeePass" */ = {
			isa = XCConfigurationList;
			buildConfigurations = (
				68D5901E136CB5CB0064CEE5 /* Debug */,
				68D5901F136CB5CB0064CEE5 /* Release */,
			);
			defaultConfigurationIsVisible = 0;
			defaultConfigurationName = Release;
		};
		68D59020136CB5CB0064CEE5 /* Build configuration list for PBXNativeTarget "MobileKeePass" */ = {
			isa = XCConfigurationList;
			buildConfigurations = (
				68D59021136CB5CB0064CEE5 /* Debug */,
				68D59022136CB5CB0064CEE5 /* Release */,
			);
			defaultConfigurationIsVisible = 0;
			defaultConfigurationName = Release;
		};
/* End XCConfigurationList section */
	};
	rootObject = 68D58FFC136CB5CB0064CEE5 /* Project object */;
}
